{
  "name": "itk-elastix-build",
  "version": "0.1.0",
  "lockfileVersion": 3,
  "requires": true,
  "packages": {
    "": {
      "name": "itk-elastix-build",
      "version": "0.1.0",
      "license": "Apache-2.0",
      "devDependencies": {
        "@itk-wasm/dam": "^1.0.1",
        "itk-wasm": "^1.0.0-b.146"
      }
    },
    "node_modules/@babel/runtime": {
      "version": "7.22.5",
      "resolved": "https://registry.npmjs.org/@babel/runtime/-/runtime-7.22.5.tgz",
      "integrity": "sha512-ecjvYlnAaZ/KVneE/OdKYBYfgXV3Ptu6zQWmgEF7vwKhQnvVS6bjMD2XYgj+SNvQ1GfK/pjgokfPkC/2CO8CuA==",
      "dev": true,
      "dependencies": {
        "regenerator-runtime": "^0.13.11"
      },
      "engines": {
        "node": ">=6.9.0"
      }
    },
    "node_modules/@ipld/car": {
      "version": "5.1.1",
      "resolved": "https://registry.npmjs.org/@ipld/car/-/car-5.1.1.tgz",
      "integrity": "sha512-HoFTUqUJL9cPGhC9qRmHCvamfIsj1JllQSQ/Xu9/KN/VNJp8To9Ms4qiZPEMOwcrNFclfYqrahjGYbf4KL/d9A==",
      "dev": true,
      "dependencies": {
        "@ipld/dag-cbor": "^9.0.0",
        "cborg": "^1.9.0",
        "multiformats": "^11.0.0",
        "varint": "^6.0.0"
      },
      "engines": {
        "node": ">=16.0.0",
        "npm": ">=7.0.0"
      }
    },
    "node_modules/@ipld/dag-cbor": {
      "version": "9.0.3",
      "resolved": "https://registry.npmjs.org/@ipld/dag-cbor/-/dag-cbor-9.0.3.tgz",
      "integrity": "sha512-A2UFccS0+sARK9xwXiVZIaWbLbPxLGP3UZOjBeOMWfDY04SXi8h1+t4rHBzOlKYF/yWNm3RbFLyclWO7hZcy4g==",
      "dev": true,
      "dependencies": {
        "cborg": "^2.0.1",
        "multiformats": "^12.0.1"
      },
      "engines": {
        "node": ">=16.0.0",
        "npm": ">=7.0.0"
      }
    },
    "node_modules/@ipld/dag-cbor/node_modules/cborg": {
      "version": "2.0.1",
      "resolved": "https://registry.npmjs.org/cborg/-/cborg-2.0.1.tgz",
      "integrity": "sha512-ySuIj3L6VwlQf0iU82IGGH/Dm1NfNKcGUttRxtVqLKrRJoo2ZeFeLoQj8Y1tASyh5qOfWQn9MN64VsAqVyWNSQ==",
      "dev": true,
      "bin": {
        "cborg": "cli.js"
      }
    },
    "node_modules/@ipld/dag-cbor/node_modules/multiformats": {
      "version": "12.0.1",
      "resolved": "https://registry.npmjs.org/multiformats/-/multiformats-12.0.1.tgz",
      "integrity": "sha512-s01wijBJoDUqESWSzePY0lvTw7J3PVO9x2Cc6ASI5AMZM2Gnhh7BC17+nlFhHKU7dDzaCaRfb+NiqNzOsgPUoQ==",
      "dev": true,
      "engines": {
        "node": ">=16.0.0",
        "npm": ">=7.0.0"
      }
    },
    "node_modules/@ipld/dag-json": {
      "version": "10.1.2",
      "resolved": "https://registry.npmjs.org/@ipld/dag-json/-/dag-json-10.1.2.tgz",
      "integrity": "sha512-z38JDQXzDW6mtU+ZfLO6/lXbJ4BEEDYY5cyW6+Nl7OpjWSV0mt57cE8LK6+krXlhxwuCnA+/sOtaXuJ3lImvfw==",
      "dev": true,
      "dependencies": {
        "cborg": "^2.0.1",
        "multiformats": "^12.0.1"
      },
      "engines": {
        "node": ">=16.0.0",
        "npm": ">=7.0.0"
      }
    },
    "node_modules/@ipld/dag-json/node_modules/cborg": {
      "version": "2.0.1",
      "resolved": "https://registry.npmjs.org/cborg/-/cborg-2.0.1.tgz",
      "integrity": "sha512-ySuIj3L6VwlQf0iU82IGGH/Dm1NfNKcGUttRxtVqLKrRJoo2ZeFeLoQj8Y1tASyh5qOfWQn9MN64VsAqVyWNSQ==",
      "dev": true,
      "bin": {
        "cborg": "cli.js"
      }
    },
    "node_modules/@ipld/dag-json/node_modules/multiformats": {
      "version": "12.0.1",
      "resolved": "https://registry.npmjs.org/multiformats/-/multiformats-12.0.1.tgz",
      "integrity": "sha512-s01wijBJoDUqESWSzePY0lvTw7J3PVO9x2Cc6ASI5AMZM2Gnhh7BC17+nlFhHKU7dDzaCaRfb+NiqNzOsgPUoQ==",
      "dev": true,
      "engines": {
        "node": ">=16.0.0",
        "npm": ">=7.0.0"
      }
    },
    "node_modules/@ipld/dag-pb": {
      "version": "4.0.4",
      "resolved": "https://registry.npmjs.org/@ipld/dag-pb/-/dag-pb-4.0.4.tgz",
      "integrity": "sha512-lX0c6ZAwD8ZKtjbawxotP8XNyR6z7/NIk7wXuhDlFT4MrNo/AOefZEUWjAw8CGz3EG3mau4P66VpsZwToVLHDg==",
      "dev": true,
      "dependencies": {
        "multiformats": "^12.0.1"
      },
      "engines": {
        "node": ">=16.0.0",
        "npm": ">=7.0.0"
      }
    },
    "node_modules/@ipld/dag-pb/node_modules/multiformats": {
      "version": "12.0.1",
      "resolved": "https://registry.npmjs.org/multiformats/-/multiformats-12.0.1.tgz",
      "integrity": "sha512-s01wijBJoDUqESWSzePY0lvTw7J3PVO9x2Cc6ASI5AMZM2Gnhh7BC17+nlFhHKU7dDzaCaRfb+NiqNzOsgPUoQ==",
      "dev": true,
      "engines": {
        "node": ">=16.0.0",
        "npm": ">=7.0.0"
      }
    },
    "node_modules/@ipld/unixfs": {
      "version": "2.1.1",
      "resolved": "https://registry.npmjs.org/@ipld/unixfs/-/unixfs-2.1.1.tgz",
      "integrity": "sha512-g3gr/3XvfQs4x2VFjlICae09ul5fbWCKRInN6Vgeot2+GH0h/krr3PqZCIo4dy4Ou2mQOsIddxUvG8UZ4p9SbQ==",
      "dev": true,
      "dependencies": {
        "@ipld/dag-pb": "^4.0.0",
        "@multiformats/murmur3": "^2.1.3",
        "@perma/map": "^1.0.2",
        "@web-std/stream": "1.0.1",
        "actor": "^2.3.1",
        "multiformats": "^11.0.1",
        "protobufjs": "^7.1.2",
        "rabin-rs": "^2.1.0"
      }
    },
    "node_modules/@itk-wasm/dam": {
      "version": "1.0.1",
      "resolved": "https://registry.npmjs.org/@itk-wasm/dam/-/dam-1.0.1.tgz",
      "integrity": "sha512-6RGmBp5iYHeNIOjiPNVBD4snCSItkGN79n9kTC2TQYglRRTpmdl53YP7QQeWty91fq6XxZsvtwH4lAeG+wJjfw==",
      "dev": true,
      "dependencies": {
        "axios": "^1.4.0",
        "commander": "^10.0.1",
        "files-from-path": "^1.0.0",
        "ipfs-car": "^1.0.0",
        "tar": "^6.1.13"
      },
      "bin": {
        "dam": "cli.js"
      }
    },
    "node_modules/@itk-wasm/dam/node_modules/commander": {
      "version": "10.0.1",
      "resolved": "https://registry.npmjs.org/commander/-/commander-10.0.1.tgz",
      "integrity": "sha512-y4Mg2tXshplEbSGzx7amzPwKKOCGuoSRP/CjEdwwk0FOGlUbq6lKuoyDZTNZkmxHdJtp54hdfY/JUrdL7Xfdug==",
      "dev": true,
      "engines": {
        "node": ">=14"
      }
    },
    "node_modules/@multiformats/blake2": {
      "version": "1.0.13",
      "resolved": "https://registry.npmjs.org/@multiformats/blake2/-/blake2-1.0.13.tgz",
      "integrity": "sha512-T1Kzya0wjj85CaVeRSpJ858EnSvW1pw94GSitxYf84VsNdv5XYbJ6QG8y26Ft1bVALzrUCmqkQrR53QHSyu6RA==",
      "dev": true,
      "dependencies": {
        "blakejs": "^1.1.1",
        "multiformats": "^9.5.4"
      }
    },
    "node_modules/@multiformats/blake2/node_modules/multiformats": {
      "version": "9.9.0",
      "resolved": "https://registry.npmjs.org/multiformats/-/multiformats-9.9.0.tgz",
      "integrity": "sha512-HoMUjhH9T8DDBNT+6xzkrd9ga/XiBI4xLr58LJACwK6G3HTOPeMz4nB4KJs33L2BelrIJa7P0VuNaVF3hMYfjg==",
      "dev": true
    },
    "node_modules/@multiformats/murmur3": {
      "version": "2.1.5",
      "resolved": "https://registry.npmjs.org/@multiformats/murmur3/-/murmur3-2.1.5.tgz",
      "integrity": "sha512-etjrdN/gJ1PhIg3vv+4QypYgXsqBQCfTFEMzSclz3t1YwLSnd9i8R1nL50CIznUraVlsKzbcH/xCB9dC0XbFow==",
      "dev": true,
      "dependencies": {
        "multiformats": "^12.0.1",
        "murmurhash3js-revisited": "^3.0.0"
      },
      "engines": {
        "node": ">=16.0.0",
        "npm": ">=7.0.0"
      }
    },
    "node_modules/@multiformats/murmur3/node_modules/multiformats": {
      "version": "12.0.1",
      "resolved": "https://registry.npmjs.org/multiformats/-/multiformats-12.0.1.tgz",
      "integrity": "sha512-s01wijBJoDUqESWSzePY0lvTw7J3PVO9x2Cc6ASI5AMZM2Gnhh7BC17+nlFhHKU7dDzaCaRfb+NiqNzOsgPUoQ==",
      "dev": true,
      "engines": {
        "node": ">=16.0.0",
        "npm": ">=7.0.0"
      }
    },
    "node_modules/@multiformats/sha3": {
      "version": "2.0.17",
      "resolved": "https://registry.npmjs.org/@multiformats/sha3/-/sha3-2.0.17.tgz",
      "integrity": "sha512-7ik6pk178qLO2cpNucgf48UnAOBMkq/2H92DP4SprZOJqM9zqbVaKS7XyYW6UvhRsDJ3wi921fYv1ihTtQHLtA==",
      "dev": true,
      "dependencies": {
        "js-sha3": "^0.8.0",
        "multiformats": "^9.5.4"
      }
    },
    "node_modules/@multiformats/sha3/node_modules/multiformats": {
      "version": "9.9.0",
      "resolved": "https://registry.npmjs.org/multiformats/-/multiformats-9.9.0.tgz",
      "integrity": "sha512-HoMUjhH9T8DDBNT+6xzkrd9ga/XiBI4xLr58LJACwK6G3HTOPeMz4nB4KJs33L2BelrIJa7P0VuNaVF3hMYfjg==",
      "dev": true
    },
    "node_modules/@perma/map": {
      "version": "1.0.2",
      "resolved": "https://registry.npmjs.org/@perma/map/-/map-1.0.2.tgz",
      "integrity": "sha512-hujwGOY6yTYnpf5YAtpD5MJAI1kcsVPqyN0lxG8Sampf/InO3jmX/MlJCHCGFPpPqB5JyO5WNnL+tUs1Umqe0A==",
      "dev": true,
      "dependencies": {
        "murmurhash3js-revisited": "^3.0.0"
      }
    },
    "node_modules/@protobufjs/aspromise": {
      "version": "1.1.2",
      "resolved": "https://registry.npmjs.org/@protobufjs/aspromise/-/aspromise-1.1.2.tgz",
      "integrity": "sha512-j+gKExEuLmKwvz3OgROXtrJ2UG2x8Ch2YZUxahh+s1F2HZ+wAceUNLkvy6zKCPVRkU++ZWQrdxsUeQXmcg4uoQ==",
      "dev": true
    },
    "node_modules/@protobufjs/base64": {
      "version": "1.1.2",
      "resolved": "https://registry.npmjs.org/@protobufjs/base64/-/base64-1.1.2.tgz",
      "integrity": "sha512-AZkcAA5vnN/v4PDqKyMR5lx7hZttPDgClv83E//FMNhR2TMcLUhfRUBHCmSl0oi9zMgDDqRUJkSxO3wm85+XLg==",
      "dev": true
    },
    "node_modules/@protobufjs/codegen": {
      "version": "2.0.4",
      "resolved": "https://registry.npmjs.org/@protobufjs/codegen/-/codegen-2.0.4.tgz",
      "integrity": "sha512-YyFaikqM5sH0ziFZCN3xDC7zeGaB/d0IUb9CATugHWbd1FRFwWwt4ld4OYMPWu5a3Xe01mGAULCdqhMlPl29Jg==",
      "dev": true
    },
    "node_modules/@protobufjs/eventemitter": {
      "version": "1.1.0",
      "resolved": "https://registry.npmjs.org/@protobufjs/eventemitter/-/eventemitter-1.1.0.tgz",
      "integrity": "sha512-j9ednRT81vYJ9OfVuXG6ERSTdEL1xVsNgqpkxMsbIabzSo3goCjDIveeGv5d03om39ML71RdmrGNjG5SReBP/Q==",
      "dev": true
    },
    "node_modules/@protobufjs/fetch": {
      "version": "1.1.0",
      "resolved": "https://registry.npmjs.org/@protobufjs/fetch/-/fetch-1.1.0.tgz",
      "integrity": "sha512-lljVXpqXebpsijW71PZaCYeIcE5on1w5DlQy5WH6GLbFryLUrBD4932W/E2BSpfRJWseIL4v/KPgBFxDOIdKpQ==",
      "dev": true,
      "dependencies": {
        "@protobufjs/aspromise": "^1.1.1",
        "@protobufjs/inquire": "^1.1.0"
      }
    },
    "node_modules/@protobufjs/float": {
      "version": "1.0.2",
      "resolved": "https://registry.npmjs.org/@protobufjs/float/-/float-1.0.2.tgz",
      "integrity": "sha512-Ddb+kVXlXst9d+R9PfTIxh1EdNkgoRe5tOX6t01f1lYWOvJnSPDBlG241QLzcyPdoNTsblLUdujGSE4RzrTZGQ==",
      "dev": true
    },
    "node_modules/@protobufjs/inquire": {
      "version": "1.1.0",
      "resolved": "https://registry.npmjs.org/@protobufjs/inquire/-/inquire-1.1.0.tgz",
      "integrity": "sha512-kdSefcPdruJiFMVSbn801t4vFK7KB/5gd2fYvrxhuJYg8ILrmn9SKSX2tZdV6V+ksulWqS7aXjBcRXl3wHoD9Q==",
      "dev": true
    },
    "node_modules/@protobufjs/path": {
      "version": "1.1.2",
      "resolved": "https://registry.npmjs.org/@protobufjs/path/-/path-1.1.2.tgz",
      "integrity": "sha512-6JOcJ5Tm08dOHAbdR3GrvP+yUUfkjG5ePsHYczMFLq3ZmMkAD98cDgcT2iA1lJ9NVwFd4tH/iSSoe44YWkltEA==",
      "dev": true
    },
    "node_modules/@protobufjs/pool": {
      "version": "1.1.0",
      "resolved": "https://registry.npmjs.org/@protobufjs/pool/-/pool-1.1.0.tgz",
      "integrity": "sha512-0kELaGSIDBKvcgS4zkjz1PeddatrjYcmMWOlAuAPwAeccUrPHdUqo/J6LiymHHEiJT5NrF1UVwxY14f+fy4WQw==",
      "dev": true
    },
    "node_modules/@protobufjs/utf8": {
      "version": "1.1.0",
      "resolved": "https://registry.npmjs.org/@protobufjs/utf8/-/utf8-1.1.0.tgz",
      "integrity": "sha512-Vvn3zZrhQZkkBE8LSuW3em98c0FwgO4nxzv6OdSxPKJIEKY2bGbHn+mhGIPerzI4twdxaP8/0+06HBpwf345Lw==",
      "dev": true
    },
    "node_modules/@thewtex/zstddec": {
      "version": "0.1.2",
      "resolved": "https://registry.npmjs.org/@thewtex/zstddec/-/zstddec-0.1.2.tgz",
      "integrity": "sha512-Bv50pouFqlmIZDcAA2Nrpk9tjJpAPlqHHeD5h0noK+oNXMimrZ/hMbJK2N09Svr6TI/S6nT63dzkWoim4ZzTuw==",
      "dev": true
    },
    "node_modules/@types/emscripten": {
      "version": "1.39.6",
      "resolved": "https://registry.npmjs.org/@types/emscripten/-/emscripten-1.39.6.tgz",
      "integrity": "sha512-H90aoynNhhkQP6DRweEjJp5vfUVdIj7tdPLsu7pq89vODD/lcugKfZOsfgwpvM6XUewEp2N5dCg1Uf3Qe55Dcg==",
      "dev": true
    },
    "node_modules/@types/node": {
      "version": "20.3.1",
      "resolved": "https://registry.npmjs.org/@types/node/-/node-20.3.1.tgz",
      "integrity": "sha512-EhcH/wvidPy1WeML3TtYFGR83UzjxeWRen9V402T8aUGYsCHOmfoisV3ZSg03gAFIbLq8TnWOJ0f4cALtnSEUg==",
      "dev": true
    },
    "node_modules/@web-std/stream": {
      "version": "1.0.1",
      "resolved": "https://registry.npmjs.org/@web-std/stream/-/stream-1.0.1.tgz",
      "integrity": "sha512-tsz4Y0WNDgFA5jwLSeV7/UV5rfMIlj0cPsSLVfTihjaVW0OJPd5NxJ3le1B3yLyqqzRpeG5OAfJAADLc4VoGTA==",
      "dev": true,
      "dependencies": {
        "web-streams-polyfill": "^3.1.1"
      }
    },
    "node_modules/@web3-storage/car-block-validator": {
      "version": "1.2.0",
      "resolved": "https://registry.npmjs.org/@web3-storage/car-block-validator/-/car-block-validator-1.2.0.tgz",
      "integrity": "sha512-KKQ/M5WtpH/JlkX+bQYKzdG4azmSF495T7vpewje2xh7MBh1d94/BLblxCcLM/larWvXDxOkbAyTTdlECAAuUw==",
      "dev": true,
      "dependencies": {
        "@multiformats/blake2": "^1.0.13",
        "@multiformats/murmur3": "^1.1.3",
        "@multiformats/sha3": "^2.0.15",
        "multiformats": "9.9.0",
        "uint8arrays": "^3.1.1"
      }
    },
    "node_modules/@web3-storage/car-block-validator/node_modules/@multiformats/murmur3": {
      "version": "1.1.3",
      "resolved": "https://registry.npmjs.org/@multiformats/murmur3/-/murmur3-1.1.3.tgz",
      "integrity": "sha512-wAPLUErGR8g6Lt+bAZn6218k9YQPym+sjszsXL6o4zfxbA22P+gxWZuuD9wDbwL55xrKO5idpcuQUX7/E3oHcw==",
      "dev": true,
      "dependencies": {
        "multiformats": "^9.5.4",
        "murmurhash3js-revisited": "^3.0.0"
      }
    },
    "node_modules/@web3-storage/car-block-validator/node_modules/multiformats": {
      "version": "9.9.0",
      "resolved": "https://registry.npmjs.org/multiformats/-/multiformats-9.9.0.tgz",
      "integrity": "sha512-HoMUjhH9T8DDBNT+6xzkrd9ga/XiBI4xLr58LJACwK6G3HTOPeMz4nB4KJs33L2BelrIJa7P0VuNaVF3hMYfjg==",
      "dev": true
    },
    "node_modules/actor": {
      "version": "2.3.1",
      "resolved": "https://registry.npmjs.org/actor/-/actor-2.3.1.tgz",
      "integrity": "sha512-ST/3wnvcP2tKDXnum7nLCLXm+/rsf8vPocXH2Fre6D8FQwNkGDd4JEitBlXj007VQJfiGYRQvXqwOBZVi+JtRg==",
      "dev": true
    },
    "node_modules/asynckit": {
      "version": "0.4.0",
      "resolved": "https://registry.npmjs.org/asynckit/-/asynckit-0.4.0.tgz",
      "integrity": "sha512-Oei9OH4tRh0YqU3GxhX79dM/mwVgvbZJaSNaRk+bshkj0S5cfHcgYakreBjrHwatXKbz+IoIdYLxrKim2MjW0Q==",
      "dev": true
    },
    "node_modules/axios": {
      "version": "1.4.0",
      "resolved": "https://registry.npmjs.org/axios/-/axios-1.4.0.tgz",
      "integrity": "sha512-S4XCWMEmzvo64T9GfvQDOXgYRDJ/wsSZc7Jvdgx5u1sd0JwsuPLqb3SYmusag+edF6ziyMensPVqLTSc1PiSEA==",
      "dev": true,
      "dependencies": {
        "follow-redirects": "^1.15.0",
        "form-data": "^4.0.0",
        "proxy-from-env": "^1.1.0"
      }
    },
    "node_modules/balanced-match": {
      "version": "1.0.2",
      "resolved": "https://registry.npmjs.org/balanced-match/-/balanced-match-1.0.2.tgz",
      "integrity": "sha512-3oSeUO0TMV67hN1AmbXsK4yaqU7tjiHlbxRDZOpH0KW9+CeX4bRAaX0Anxt0tx2MrpRpWwQaPwIlISEJhYU5Pw==",
      "dev": true
    },
    "node_modules/blakejs": {
      "version": "1.2.1",
      "resolved": "https://registry.npmjs.org/blakejs/-/blakejs-1.2.1.tgz",
      "integrity": "sha512-QXUSXI3QVc/gJME0dBpXrag1kbzOqCjCX8/b54ntNyW6sjtoqxqRk3LTmXzaJoh71zMsDCjM+47jS7XiwN/+fQ==",
      "dev": true
    },
    "node_modules/brace-expansion": {
      "version": "2.0.1",
      "resolved": "https://registry.npmjs.org/brace-expansion/-/brace-expansion-2.0.1.tgz",
      "integrity": "sha512-XnAIvQ8eM+kC6aULx6wuQiwVsnzsi9d3WxzV3FpWTGA19F621kwdbsAcFKXgKUHZWsy+mY6iL1sHTxWEFCytDA==",
      "dev": true,
      "dependencies": {
        "balanced-match": "^1.0.0"
      }
    },
    "node_modules/cborg": {
      "version": "1.10.2",
      "resolved": "https://registry.npmjs.org/cborg/-/cborg-1.10.2.tgz",
      "integrity": "sha512-b3tFPA9pUr2zCUiCfRd2+wok2/LBSNUMKOuRRok+WlvvAgEt/PlbgPTsZUcwCOs53IJvLgTp0eotwtosE6njug==",
      "dev": true,
      "bin": {
        "cborg": "cli.js"
      }
    },
    "node_modules/chownr": {
      "version": "2.0.0",
      "resolved": "https://registry.npmjs.org/chownr/-/chownr-2.0.0.tgz",
      "integrity": "sha512-bIomtDF5KGpdogkLd9VspvFzk9KfpyyGlS8YFVZl7TGPBHL5snIOnxeshwVgPteQ9b4Eydl+pVbIyE1DcvCWgQ==",
      "dev": true,
      "engines": {
        "node": ">=10"
      }
    },
    "node_modules/combined-stream": {
      "version": "1.0.8",
      "resolved": "https://registry.npmjs.org/combined-stream/-/combined-stream-1.0.8.tgz",
      "integrity": "sha512-FQN4MRfuJeHf7cBbBMJFXhKSDq+2kAArBlmRBvcvFE5BB1HZKXtSFASDhdlz9zOYwxh8lDdnvmMOe/+5cdoEdg==",
      "dev": true,
      "dependencies": {
        "delayed-stream": "~1.0.0"
      },
      "engines": {
        "node": ">= 0.8"
      }
    },
    "node_modules/commander": {
      "version": "9.5.0",
      "resolved": "https://registry.npmjs.org/commander/-/commander-9.5.0.tgz",
      "integrity": "sha512-KRs7WVDKg86PWiuAqhDrAQnTXZKraVcCc6vFdL14qrZ/DcWwuRo7VoiYXalXO7S5GKpqYiVEwCbgFDfxNHKJBQ==",
      "dev": true,
      "engines": {
        "node": "^12.20.0 || >=14"
      }
    },
    "node_modules/delayed-stream": {
      "version": "1.0.0",
      "resolved": "https://registry.npmjs.org/delayed-stream/-/delayed-stream-1.0.0.tgz",
      "integrity": "sha512-ZySD7Nf91aLB0RxL4KGrKHBXl7Eds1DAmEdcoVawXnLD7SDhpNgtuII2aAkg7a7QS41jxPSZ17p4VdGnMHk3MQ==",
      "dev": true,
      "engines": {
        "node": ">=0.4.0"
      }
    },
    "node_modules/err-code": {
      "version": "3.0.1",
      "resolved": "https://registry.npmjs.org/err-code/-/err-code-3.0.1.tgz",
      "integrity": "sha512-GiaH0KJUewYok+eeY05IIgjtAe4Yltygk9Wqp1V5yVWLdhf0hYZchRjNIT9bb0mSwRcIusT3cx7PJUf3zEIfUA==",
      "dev": true
    },
    "node_modules/eventemitter3": {
      "version": "4.0.7",
      "resolved": "https://registry.npmjs.org/eventemitter3/-/eventemitter3-4.0.7.tgz",
      "integrity": "sha512-8guHBZCwKnFhYdHr2ysuRWErTwhoN2X8XELRlrRwpmfeY2jjuUN4taQMsULKUVo1K4DvZl+0pgfyoysHxvmvEw==",
      "dev": true
    },
    "node_modules/files-from-path": {
      "version": "1.0.0",
      "resolved": "https://registry.npmjs.org/files-from-path/-/files-from-path-1.0.0.tgz",
      "integrity": "sha512-EobUbrzh1fPOZpQvDdTikGpCs+ZDcTNyBOnFuHvW2BQXEkMSPbEPQ0eVTQrz0oHlBcPS9Lnw+uPzACfft1sDYg==",
      "dev": true,
      "dependencies": {
        "graceful-fs": "^4.2.10"
      },
      "engines": {
        "node": ">=18"
      }
    },
    "node_modules/follow-redirects": {
      "version": "1.15.6",
      "resolved": "https://registry.npmjs.org/follow-redirects/-/follow-redirects-1.15.6.tgz",
      "integrity": "sha512-wWN62YITEaOpSK584EZXJafH1AGpO8RVgElfkuXbTOrPX4fIfOyEpW/CsiNd8JdYrAoOvafRTOEnvsO++qCqFA==",
      "dev": true,
      "funding": [
        {
          "type": "individual",
          "url": "https://github.com/sponsors/RubenVerborgh"
        }
      ],
      "engines": {
        "node": ">=4.0"
      },
      "peerDependenciesMeta": {
        "debug": {
          "optional": true
        }
      }
    },
    "node_modules/form-data": {
      "version": "4.0.0",
      "resolved": "https://registry.npmjs.org/form-data/-/form-data-4.0.0.tgz",
      "integrity": "sha512-ETEklSGi5t0QMZuiXoA/Q6vcnxcLQP5vdugSpuAyi6SVGi2clPPp+xgEhuMaHC+zGgn31Kd235W35f7Hykkaww==",
      "dev": true,
      "dependencies": {
        "asynckit": "^0.4.0",
        "combined-stream": "^1.0.8",
        "mime-types": "^2.1.12"
      },
      "engines": {
        "node": ">= 6"
      }
    },
    "node_modules/fs-extra": {
      "version": "10.1.0",
      "resolved": "https://registry.npmjs.org/fs-extra/-/fs-extra-10.1.0.tgz",
      "integrity": "sha512-oRXApq54ETRj4eMiFzGnHWGy+zo5raudjuxN0b8H7s/RU2oW0Wvsx9O0ACRN/kRq9E8Vu/ReskGB5o3ji+FzHQ==",
      "dev": true,
      "dependencies": {
        "graceful-fs": "^4.2.0",
        "jsonfile": "^6.0.1",
        "universalify": "^2.0.0"
      },
      "engines": {
        "node": ">=12"
      }
    },
    "node_modules/fs-minipass": {
      "version": "2.1.0",
      "resolved": "https://registry.npmjs.org/fs-minipass/-/fs-minipass-2.1.0.tgz",
      "integrity": "sha512-V/JgOLFCS+R6Vcq0slCuaeWEdNC3ouDlJMNIsacH2VtALiu9mV4LPrHc5cDl8k5aw6J8jwgWWpiTo5RYhmIzvg==",
      "dev": true,
      "dependencies": {
        "minipass": "^3.0.0"
      },
      "engines": {
        "node": ">= 8"
      }
    },
    "node_modules/fs-minipass/node_modules/minipass": {
      "version": "3.3.6",
      "resolved": "https://registry.npmjs.org/minipass/-/minipass-3.3.6.tgz",
      "integrity": "sha512-DxiNidxSEK+tHG6zOIklvNOwm3hvCrbUrdtzY74U6HKTJxvIDfOUL5W5P2Ghd3DTkhhKPYGqeNUIh5qcM4YBfw==",
      "dev": true,
      "dependencies": {
        "yallist": "^4.0.0"
      },
      "engines": {
        "node": ">=8"
      }
    },
    "node_modules/fs.realpath": {
      "version": "1.0.0",
      "resolved": "https://registry.npmjs.org/fs.realpath/-/fs.realpath-1.0.0.tgz",
      "integrity": "sha512-OO0pH2lK6a0hZnAdau5ItzHPI6pUlvI7jMVnxUQRtw4owF2wk8lOSabtGDCTP4Ggrg2MbGnWO9X8K1t4+fGMDw==",
      "dev": true
    },
    "node_modules/glob": {
      "version": "8.1.0",
      "resolved": "https://registry.npmjs.org/glob/-/glob-8.1.0.tgz",
      "integrity": "sha512-r8hpEjiQEYlF2QU0df3dS+nxxSIreXQS1qRhMJM0Q5NDdR386C7jb7Hwwod8Fgiuex+k0GFjgft18yvxm5XoCQ==",
      "dev": true,
      "dependencies": {
        "fs.realpath": "^1.0.0",
        "inflight": "^1.0.4",
        "inherits": "2",
        "minimatch": "^5.0.1",
        "once": "^1.3.0"
      },
      "engines": {
        "node": ">=12"
      },
      "funding": {
        "url": "https://github.com/sponsors/isaacs"
      }
    },
    "node_modules/graceful-fs": {
      "version": "4.2.11",
      "resolved": "https://registry.npmjs.org/graceful-fs/-/graceful-fs-4.2.11.tgz",
      "integrity": "sha512-RbJ5/jmFcNNCcDV5o9eTnBLJ/HszWV0P73bc+Ff4nS/rJj+YaS6IGyiOL0VoBYX+l1Wrl3k63h/KrH+nhJ0XvQ==",
      "dev": true
    },
    "node_modules/hamt-sharding": {
      "version": "3.0.2",
      "resolved": "https://registry.npmjs.org/hamt-sharding/-/hamt-sharding-3.0.2.tgz",
      "integrity": "sha512-f0DzBD2tSmLFdFsLAvOflIBqFPjerbA7BfmwO8mVho/5hXwgyyYhv+ijIzidQf/DpDX3bRjAQvhGoBFj+DBvPw==",
      "dev": true,
      "dependencies": {
        "sparse-array": "^1.3.1",
        "uint8arrays": "^4.0.2"
      },
      "engines": {
        "node": ">=16.0.0",
        "npm": ">=7.0.0"
      }
    },
    "node_modules/hamt-sharding/node_modules/uint8arrays": {
      "version": "4.0.4",
      "resolved": "https://registry.npmjs.org/uint8arrays/-/uint8arrays-4.0.4.tgz",
      "integrity": "sha512-AOoA66e/A7zoXm1mgzQjGmkWDTvCrS3ttWXLHFtlVAwMobLcaOA7G7WRNNAcyfjjYdFDtkEK6njRDX7hZLIO9Q==",
      "dev": true,
      "dependencies": {
        "multiformats": "^11.0.0"
      }
    },
    "node_modules/inflight": {
      "version": "1.0.6",
      "resolved": "https://registry.npmjs.org/inflight/-/inflight-1.0.6.tgz",
      "integrity": "sha512-k92I/b08q4wvFscXCLvqfsHCrjrF7yiXsQuIVvVE7N82W3+aqpzuUdBbfhWcy/FZR3/4IgflMgKLOsvPDrGCJA==",
      "dev": true,
      "dependencies": {
        "once": "^1.3.0",
        "wrappy": "1"
      }
    },
    "node_modules/inherits": {
      "version": "2.0.4",
      "resolved": "https://registry.npmjs.org/inherits/-/inherits-2.0.4.tgz",
      "integrity": "sha512-k/vGaX4/Yla3WzyMCvTQOXYeIHvqOKtnqBduzTHpzpQZzAskKMhZ2K+EnBiSM9zGSoIFeMpXKxa4dYeZIQqewQ==",
      "dev": true
    },
    "node_modules/interface-blockstore": {
      "version": "5.2.3",
      "resolved": "https://registry.npmjs.org/interface-blockstore/-/interface-blockstore-5.2.3.tgz",
      "integrity": "sha512-15cN+ZFdcVXdXo6I/SrSzFDsuJyDTyEI52XuvXQlR/G5fe3cK8p0tvVjfu5diRQH1XqNgmJEdMPixyt0xgjtvQ==",
      "dev": true,
      "dependencies": {
        "interface-store": "^5.0.0",
        "multiformats": "^11.0.2"
      },
      "engines": {
        "node": ">=16.0.0",
        "npm": ">=7.0.0"
      }
    },
    "node_modules/interface-store": {
      "version": "5.1.2",
      "resolved": "https://registry.npmjs.org/interface-store/-/interface-store-5.1.2.tgz",
      "integrity": "sha512-q2sLoqC+UdaWnjwGyghsH0jwqqVk226lsG207e3QwPB8sAZYmYIWUnJwJH3JjFNNRV9e6CUTmm+gDO0Xg4KRiw==",
      "dev": true,
      "engines": {
        "node": ">=16.0.0",
        "npm": ">=7.0.0"
      }
    },
    "node_modules/ipfs-car": {
      "version": "1.0.0",
      "resolved": "https://registry.npmjs.org/ipfs-car/-/ipfs-car-1.0.0.tgz",
      "integrity": "sha512-a13H5BbI+d3oicRYsVj8m15B6QEw9hV3qR+RxSni0Rxcv82m8EmdH0vUtrpdXVp1Gvc/vcnEXecQ+oRTqMcVSQ==",
      "dev": true,
      "dependencies": {
        "@ipld/car": "^5.1.0",
        "@ipld/dag-cbor": "^9.0.0",
        "@ipld/dag-json": "^10.0.1",
        "@ipld/dag-pb": "^4.0.2",
        "@ipld/unixfs": "^2.1.1",
        "@web3-storage/car-block-validator": "^1.0.1",
        "files-from-path": "^1.0.0",
        "ipfs-unixfs-exporter": "^13.0.1",
        "multiformats": "^11.0.2",
        "sade": "^1.8.1",
        "varint": "^6.0.0"
      },
      "bin": {
        "🚘": "bin.js",
        "ipfs-car": "bin.js"
      },
      "engines": {
        "node": ">=18"
      }
    },
    "node_modules/ipfs-unixfs": {
      "version": "11.0.1",
      "resolved": "https://registry.npmjs.org/ipfs-unixfs/-/ipfs-unixfs-11.0.1.tgz",
      "integrity": "sha512-SD9dqn14bfgMfkPstsR/2Av3zCzYMj2ntQJab4HZucgX4nNV6K7guZh4Hf3kiL8ONff1Ogft1ekFU083DIKEdQ==",
      "dev": true,
      "dependencies": {
        "err-code": "^3.0.1",
        "protons-runtime": "^5.0.0",
        "uint8arraylist": "^2.4.3"
      },
      "engines": {
        "node": ">=16.0.0",
        "npm": ">=7.0.0"
      }
    },
    "node_modules/ipfs-unixfs-exporter": {
      "version": "13.1.5",
      "resolved": "https://registry.npmjs.org/ipfs-unixfs-exporter/-/ipfs-unixfs-exporter-13.1.5.tgz",
      "integrity": "sha512-O5aMawsHoe4DaYk5FFil2EPrNOaU3pkHC6qUR5JMnW7es93W3b/RjJoO7AyDL1rpb+M3K0oRu86Yc5wLNQQ8jg==",
      "dev": true,
      "dependencies": {
        "@ipld/dag-cbor": "^9.0.0",
        "@ipld/dag-pb": "^4.0.0",
        "@multiformats/murmur3": "^2.0.0",
        "err-code": "^3.0.1",
        "hamt-sharding": "^3.0.0",
        "interface-blockstore": "^5.0.0",
        "ipfs-unixfs": "^11.0.0",
        "it-filter": "^3.0.2",
        "it-last": "^3.0.2",
        "it-map": "^3.0.3",
        "it-parallel": "^3.0.0",
        "it-pipe": "^3.0.1",
        "it-pushable": "^3.1.0",
        "multiformats": "^11.0.0",
        "p-queue": "^7.3.0",
        "progress-events": "^1.0.0",
        "uint8arrays": "^4.0.2"
      },
      "engines": {
        "node": ">=16.0.0",
        "npm": ">=7.0.0"
      }
    },
    "node_modules/ipfs-unixfs-exporter/node_modules/uint8arrays": {
      "version": "4.0.4",
      "resolved": "https://registry.npmjs.org/uint8arrays/-/uint8arrays-4.0.4.tgz",
      "integrity": "sha512-AOoA66e/A7zoXm1mgzQjGmkWDTvCrS3ttWXLHFtlVAwMobLcaOA7G7WRNNAcyfjjYdFDtkEK6njRDX7hZLIO9Q==",
      "dev": true,
      "dependencies": {
        "multiformats": "^11.0.0"
      }
    },
    "node_modules/it-filter": {
      "version": "3.0.2",
      "resolved": "https://registry.npmjs.org/it-filter/-/it-filter-3.0.2.tgz",
      "integrity": "sha512-Hhzp5anX7tmKOBqTPasBYTPlq7l4Xk4lMBfLB5GfKZnL9WCc6pr8M9Waud4nHh3s9neb4xwDWk7KQsEapgWyJw==",
      "dev": true,
      "dependencies": {
        "it-peekable": "^3.0.0"
      },
      "engines": {
        "node": ">=16.0.0",
        "npm": ">=7.0.0"
      }
    },
    "node_modules/it-last": {
      "version": "3.0.2",
      "resolved": "https://registry.npmjs.org/it-last/-/it-last-3.0.2.tgz",
      "integrity": "sha512-aWoA5moJ7XSKe7+YuutBKhySroDDWkfjpo+UknekPh1M5YYdK4YNSPDarR+7o/NqRwzazwgzCi2UZzU0oqsprQ==",
      "dev": true,
      "engines": {
        "node": ">=16.0.0",
        "npm": ">=7.0.0"
      }
    },
    "node_modules/it-map": {
      "version": "3.0.3",
      "resolved": "https://registry.npmjs.org/it-map/-/it-map-3.0.3.tgz",
      "integrity": "sha512-Yf89GJYeYUZb2NZzWkvFHm3IBXlxro74i2vGRmpf8BYau3BhlaS37ieDenJEdYzkTGJhL/EbM1jPPw/KGVVVIw==",
      "dev": true,
      "dependencies": {
        "it-peekable": "^3.0.0"
      },
      "engines": {
        "node": ">=16.0.0",
        "npm": ">=7.0.0"
      }
    },
    "node_modules/it-merge": {
      "version": "3.0.1",
      "resolved": "https://registry.npmjs.org/it-merge/-/it-merge-3.0.1.tgz",
      "integrity": "sha512-I6hjU1ABO+k3xY1H6JtCSDXvUME88pxIXSgKeT4WI5rPYbQzpr98ldacVuG95WbjaJxKl6Qot6lUdxduLBQPHA==",
      "dev": true,
      "dependencies": {
        "it-pushable": "^3.1.0"
      },
      "engines": {
        "node": ">=16.0.0",
        "npm": ">=7.0.0"
      }
    },
    "node_modules/it-parallel": {
      "version": "3.0.3",
      "resolved": "https://registry.npmjs.org/it-parallel/-/it-parallel-3.0.3.tgz",
      "integrity": "sha512-Q5KmdvERHCOLDcgKqrzQ+yiMCdG6H9h7ZL3Zjx/Tx9xhZy8txSKoy+EiCgWZFs0rfYvxJhk6UkOpKLzJ1zM9ZA==",
      "dev": true,
      "dependencies": {
        "p-defer": "^4.0.0"
      },
      "engines": {
        "node": ">=16.0.0",
        "npm": ">=7.0.0"
      }
    },
    "node_modules/it-peekable": {
      "version": "3.0.1",
      "resolved": "https://registry.npmjs.org/it-peekable/-/it-peekable-3.0.1.tgz",
      "integrity": "sha512-5zBfkf6e+YoxxWV0YDXMwdQKnc7eeTX6xo3WYPm/8dIoctIiDnddInRWOW+83W/8/76sbnpWqqsO4gSyXandeQ==",
      "dev": true,
      "engines": {
        "node": ">=16.0.0",
        "npm": ">=7.0.0"
      }
    },
    "node_modules/it-pipe": {
      "version": "3.0.1",
      "resolved": "https://registry.npmjs.org/it-pipe/-/it-pipe-3.0.1.tgz",
      "integrity": "sha512-sIoNrQl1qSRg2seYSBH/3QxWhJFn9PKYvOf/bHdtCBF0bnghey44VyASsWzn5dAx0DCDDABq1hZIuzKmtBZmKA==",
      "dev": true,
      "dependencies": {
        "it-merge": "^3.0.0",
        "it-pushable": "^3.1.2",
        "it-stream-types": "^2.0.1"
      },
      "engines": {
        "node": ">=16.0.0",
        "npm": ">=7.0.0"
      }
    },
    "node_modules/it-pushable": {
      "version": "3.1.3",
      "resolved": "https://registry.npmjs.org/it-pushable/-/it-pushable-3.1.3.tgz",
      "integrity": "sha512-f50iQ85HISS6DaWCyrqf9QJ6G/kQtKIMf9xZkgZgyOvxEQDfn8OfYcLXXquCqgoLboxQtAW1ZFZyFIAsLHDtJw==",
      "dev": true,
      "engines": {
        "node": ">=16.0.0",
        "npm": ">=7.0.0"
      }
    },
    "node_modules/it-stream-types": {
      "version": "2.0.1",
      "resolved": "https://registry.npmjs.org/it-stream-types/-/it-stream-types-2.0.1.tgz",
      "integrity": "sha512-6DmOs5r7ERDbvS4q8yLKENcj6Yecr7QQTqWApbZdfAUTEC947d+PEha7PCqhm//9oxaLYL7TWRekwhoXl2s6fg==",
      "dev": true,
      "engines": {
        "node": ">=16.0.0",
        "npm": ">=7.0.0"
      }
    },
    "node_modules/itk-wasm": {
      "version": "1.0.0-b.146",
      "resolved": "https://registry.npmjs.org/itk-wasm/-/itk-wasm-1.0.0-b.146.tgz",
      "integrity": "sha512-1opxFHG1Xspu/gFVbmYfhEy6H1/PDs+AsaZ95ZdU7DL9Xul9tsstFcXwsblB8JXNEXqcPG2h61gAq7BYF4UhdQ==",
      "dev": true,
      "dependencies": {
        "@babel/runtime": "^7.15.4",
        "@thewtex/zstddec": "^0.1.2",
        "@types/emscripten": "^1.39.6",
        "axios": "^1.4.0",
        "commander": "^9.4.0",
        "fs-extra": "^10.0.0",
        "glob": "^8.1.0",
        "markdown-table": "^3.0.3",
        "mime-types": "^2.1.35",
        "wasm-feature-detect": "^1.5.1",
        "webworker-promise": "^0.4.2"
      },
      "bin": {
        "itk-wasm": "src/itk-wasm-cli.js"
      }
    },
    "node_modules/js-sha3": {
      "version": "0.8.0",
      "resolved": "https://registry.npmjs.org/js-sha3/-/js-sha3-0.8.0.tgz",
      "integrity": "sha512-gF1cRrHhIzNfToc802P800N8PpXS+evLLXfsVpowqmAFR9uwbi89WvXg2QspOmXL8QL86J4T1EpFu+yUkwJY3Q==",
      "dev": true
    },
    "node_modules/jsonfile": {
      "version": "6.1.0",
      "resolved": "https://registry.npmjs.org/jsonfile/-/jsonfile-6.1.0.tgz",
      "integrity": "sha512-5dgndWOriYSm5cnYaJNhalLNDKOqFwyDB/rr1E9ZsGciGvKPs8R2xYGCacuf3z6K1YKDz182fd+fY3cn3pMqXQ==",
      "dev": true,
      "dependencies": {
        "universalify": "^2.0.0"
      },
      "optionalDependencies": {
        "graceful-fs": "^4.1.6"
      }
    },
    "node_modules/long": {
      "version": "5.2.3",
      "resolved": "https://registry.npmjs.org/long/-/long-5.2.3.tgz",
      "integrity": "sha512-lcHwpNoggQTObv5apGNCTdJrO69eHOZMi4BNC+rTLER8iHAqGrUVeLh/irVIM7zTw2bOXA8T6uNPeujwOLg/2Q==",
      "dev": true
    },
    "node_modules/markdown-table": {
      "version": "3.0.3",
      "resolved": "https://registry.npmjs.org/markdown-table/-/markdown-table-3.0.3.tgz",
      "integrity": "sha512-Z1NL3Tb1M9wH4XESsCDEksWoKTdlUafKc4pt0GRwjUyXaCFZ+dc3g2erqB6zm3szA2IUSi7VnPI+o/9jnxh9hw==",
      "dev": true,
      "funding": {
        "type": "github",
        "url": "https://github.com/sponsors/wooorm"
      }
    },
    "node_modules/mime-db": {
      "version": "1.52.0",
      "resolved": "https://registry.npmjs.org/mime-db/-/mime-db-1.52.0.tgz",
      "integrity": "sha512-sPU4uV7dYlvtWJxwwxHD0PuihVNiE7TyAbQ5SWxDCB9mUYvOgroQOwYQQOKPJ8CIbE+1ETVlOoK1UC2nU3gYvg==",
      "dev": true,
      "engines": {
        "node": ">= 0.6"
      }
    },
    "node_modules/mime-types": {
      "version": "2.1.35",
      "resolved": "https://registry.npmjs.org/mime-types/-/mime-types-2.1.35.tgz",
      "integrity": "sha512-ZDY+bPm5zTTF+YpCrAU9nK0UgICYPT0QtT1NZWFv4s++TNkcgVaT0g6+4R2uI4MjQjzysHB1zxuWL50hzaeXiw==",
      "dev": true,
      "dependencies": {
        "mime-db": "1.52.0"
      },
      "engines": {
        "node": ">= 0.6"
      }
    },
    "node_modules/minimatch": {
      "version": "5.1.6",
      "resolved": "https://registry.npmjs.org/minimatch/-/minimatch-5.1.6.tgz",
      "integrity": "sha512-lKwV/1brpG6mBUFHtb7NUmtABCb2WZZmm2wNiOA5hAb8VdCS4B3dtMWyvcoViccwAW/COERjXLt0zP1zXUN26g==",
      "dev": true,
      "dependencies": {
        "brace-expansion": "^2.0.1"
      },
      "engines": {
        "node": ">=10"
      }
    },
    "node_modules/minipass": {
      "version": "5.0.0",
      "resolved": "https://registry.npmjs.org/minipass/-/minipass-5.0.0.tgz",
      "integrity": "sha512-3FnjYuehv9k6ovOEbyOswadCDPX1piCfhV8ncmYtHOjuPwylVWsghTLo7rabjC3Rx5xD4HDx8Wm1xnMF7S5qFQ==",
      "dev": true,
      "engines": {
        "node": ">=8"
      }
    },
    "node_modules/minizlib": {
      "version": "2.1.2",
      "resolved": "https://registry.npmjs.org/minizlib/-/minizlib-2.1.2.tgz",
      "integrity": "sha512-bAxsR8BVfj60DWXHE3u30oHzfl4G7khkSuPW+qvpd7jFRHm7dLxOjUk1EHACJ/hxLY8phGJ0YhYHZo7jil7Qdg==",
      "dev": true,
      "dependencies": {
        "minipass": "^3.0.0",
        "yallist": "^4.0.0"
      },
      "engines": {
        "node": ">= 8"
      }
    },
    "node_modules/minizlib/node_modules/minipass": {
      "version": "3.3.6",
      "resolved": "https://registry.npmjs.org/minipass/-/minipass-3.3.6.tgz",
      "integrity": "sha512-DxiNidxSEK+tHG6zOIklvNOwm3hvCrbUrdtzY74U6HKTJxvIDfOUL5W5P2Ghd3DTkhhKPYGqeNUIh5qcM4YBfw==",
      "dev": true,
      "dependencies": {
        "yallist": "^4.0.0"
      },
      "engines": {
        "node": ">=8"
      }
    },
    "node_modules/mkdirp": {
      "version": "1.0.4",
      "resolved": "https://registry.npmjs.org/mkdirp/-/mkdirp-1.0.4.tgz",
      "integrity": "sha512-vVqVZQyf3WLx2Shd0qJ9xuvqgAyKPLAiqITEtqW0oIUjzo3PePDd6fW9iFz30ef7Ysp/oiWqbhszeGWW2T6Gzw==",
      "dev": true,
      "bin": {
        "mkdirp": "bin/cmd.js"
      },
      "engines": {
        "node": ">=10"
      }
    },
    "node_modules/mri": {
      "version": "1.2.0",
      "resolved": "https://registry.npmjs.org/mri/-/mri-1.2.0.tgz",
      "integrity": "sha512-tzzskb3bG8LvYGFF/mDTpq3jpI6Q9wc3LEmBaghu+DdCssd1FakN7Bc0hVNmEyGq1bq3RgfkCb3cmQLpNPOroA==",
      "dev": true,
      "engines": {
        "node": ">=4"
      }
    },
    "node_modules/multiformats": {
      "version": "11.0.2",
      "resolved": "https://registry.npmjs.org/multiformats/-/multiformats-11.0.2.tgz",
      "integrity": "sha512-b5mYMkOkARIuVZCpvijFj9a6m5wMVLC7cf/jIPd5D/ARDOfLC5+IFkbgDXQgcU2goIsTD/O9NY4DI/Mt4OGvlg==",
      "dev": true,
      "engines": {
        "node": ">=16.0.0",
        "npm": ">=7.0.0"
      }
    },
    "node_modules/murmurhash3js-revisited": {
      "version": "3.0.0",
      "resolved": "https://registry.npmjs.org/murmurhash3js-revisited/-/murmurhash3js-revisited-3.0.0.tgz",
      "integrity": "sha512-/sF3ee6zvScXMb1XFJ8gDsSnY+X8PbOyjIuBhtgis10W2Jx4ZjIhikUCIF9c4gpJxVnQIsPAFrSwTCuAjicP6g==",
      "dev": true,
      "engines": {
        "node": ">=8.0.0"
      }
    },
    "node_modules/once": {
      "version": "1.4.0",
      "resolved": "https://registry.npmjs.org/once/-/once-1.4.0.tgz",
      "integrity": "sha512-lNaJgI+2Q5URQBkccEKHTQOPaXdUxnZZElQTZY0MFUAuaEqe1E+Nyvgdz/aIyNi6Z9MzO5dv1H8n58/GELp3+w==",
      "dev": true,
      "dependencies": {
        "wrappy": "1"
      }
    },
    "node_modules/p-defer": {
      "version": "4.0.0",
      "resolved": "https://registry.npmjs.org/p-defer/-/p-defer-4.0.0.tgz",
      "integrity": "sha512-Vb3QRvQ0Y5XnF40ZUWW7JfLogicVh/EnA5gBIvKDJoYpeI82+1E3AlB9yOcKFS0AhHrWVnAQO39fbR0G99IVEQ==",
      "dev": true,
      "engines": {
        "node": ">=12"
      },
      "funding": {
        "url": "https://github.com/sponsors/sindresorhus"
      }
    },
    "node_modules/p-queue": {
      "version": "7.3.4",
      "resolved": "https://registry.npmjs.org/p-queue/-/p-queue-7.3.4.tgz",
      "integrity": "sha512-esox8CWt0j9EZECFvkFl2WNPat8LN4t7WWeXq73D9ha0V96qPRufApZi4ZhPwXAln1uVVal429HVVKPa2X0yQg==",
      "dev": true,
      "dependencies": {
        "eventemitter3": "^4.0.7",
        "p-timeout": "^5.0.2"
      },
      "engines": {
        "node": ">=12"
      },
      "funding": {
        "url": "https://github.com/sponsors/sindresorhus"
      }
    },
    "node_modules/p-timeout": {
      "version": "5.1.0",
      "resolved": "https://registry.npmjs.org/p-timeout/-/p-timeout-5.1.0.tgz",
      "integrity": "sha512-auFDyzzzGZZZdHz3BtET9VEz0SE/uMEAx7uWfGPucfzEwwe/xH0iVeZibQmANYE/hp9T2+UUZT5m+BKyrDp3Ew==",
      "dev": true,
      "engines": {
        "node": ">=12"
      },
      "funding": {
        "url": "https://github.com/sponsors/sindresorhus"
      }
    },
    "node_modules/progress-events": {
      "version": "1.0.0",
      "resolved": "https://registry.npmjs.org/progress-events/-/progress-events-1.0.0.tgz",
      "integrity": "sha512-zIB6QDrSbPfRg+33FZalluFIowkbV5Xh1xSuetjG+rlC5he6u2dc6VQJ0TbMdlN3R1RHdpOqxEFMKTnQ+itUwA==",
      "dev": true,
      "engines": {
        "node": ">=16.0.0",
        "npm": ">=7.0.0"
      }
    },
    "node_modules/protobufjs": {
      "version": "7.2.5",
      "resolved": "https://registry.npmjs.org/protobufjs/-/protobufjs-7.2.5.tgz",
      "integrity": "sha512-gGXRSXvxQ7UiPgfw8gevrfRWcTlSbOFg+p/N+JVJEK5VhueL2miT6qTymqAmjr1Q5WbOCyJbyrk6JfWKwlFn6A==",
      "dev": true,
      "hasInstallScript": true,
      "dependencies": {
        "@protobufjs/aspromise": "^1.1.2",
        "@protobufjs/base64": "^1.1.2",
        "@protobufjs/codegen": "^2.0.4",
        "@protobufjs/eventemitter": "^1.1.0",
        "@protobufjs/fetch": "^1.1.0",
        "@protobufjs/float": "^1.0.2",
        "@protobufjs/inquire": "^1.1.0",
        "@protobufjs/path": "^1.1.2",
        "@protobufjs/pool": "^1.1.0",
        "@protobufjs/utf8": "^1.1.0",
        "@types/node": ">=13.7.0",
        "long": "^5.0.0"
      },
      "engines": {
        "node": ">=12.0.0"
      }
    },
    "node_modules/protons-runtime": {
      "version": "5.0.0",
      "resolved": "https://registry.npmjs.org/protons-runtime/-/protons-runtime-5.0.0.tgz",
      "integrity": "sha512-QqjGnPGkpvbzq0dITzhG9DVK10rRIHf7nePcU2QQVVpFGuYbwrOWnvGSvei1GcceAzB9syTz6vHzvTPmGRR0PA==",
      "dev": true,
      "dependencies": {
        "protobufjs": "^7.0.0",
        "uint8arraylist": "^2.4.3"
      },
      "engines": {
        "node": ">=16.0.0",
        "npm": ">=7.0.0"
      },
      "peerDependencies": {
        "uint8arraylist": "^2.3.2"
      }
    },
    "node_modules/proxy-from-env": {
      "version": "1.1.0",
      "resolved": "https://registry.npmjs.org/proxy-from-env/-/proxy-from-env-1.1.0.tgz",
      "integrity": "sha512-D+zkORCbA9f1tdWRK0RaCR3GPv50cMxcrz4X8k5LTSUD1Dkw47mKJEZQNunItRTkWwgtaUSo1RVFRIG9ZXiFYg==",
      "dev": true
    },
    "node_modules/rabin-rs": {
      "version": "2.1.0",
      "resolved": "https://registry.npmjs.org/rabin-rs/-/rabin-rs-2.1.0.tgz",
      "integrity": "sha512-5y72gAXPzIBsAMHcpxZP8eMDuDT98qMP1BqSDHRbHkJJXEgWIN1lA47LxUqzsK6jknOJtgfkQr9v+7qMlFDm6g==",
      "dev": true
    },
    "node_modules/regenerator-runtime": {
      "version": "0.13.11",
      "resolved": "https://registry.npmjs.org/regenerator-runtime/-/regenerator-runtime-0.13.11.tgz",
      "integrity": "sha512-kY1AZVr2Ra+t+piVaJ4gxaFaReZVH40AKNo7UCX6W+dEwBo/2oZJzqfuN1qLq1oL45o56cPaTXELwrTh8Fpggg==",
      "dev": true
    },
    "node_modules/sade": {
      "version": "1.8.1",
      "resolved": "https://registry.npmjs.org/sade/-/sade-1.8.1.tgz",
      "integrity": "sha512-xal3CZX1Xlo/k4ApwCFrHVACi9fBqJ7V+mwhBsuf/1IOKbBy098Fex+Wa/5QMubw09pSZ/u8EY8PWgevJsXp1A==",
      "dev": true,
      "dependencies": {
        "mri": "^1.1.0"
      },
      "engines": {
        "node": ">=6"
      }
    },
    "node_modules/sparse-array": {
      "version": "1.3.2",
      "resolved": "https://registry.npmjs.org/sparse-array/-/sparse-array-1.3.2.tgz",
      "integrity": "sha512-ZT711fePGn3+kQyLuv1fpd3rNSkNF8vd5Kv2D+qnOANeyKs3fx6bUMGWRPvgTTcYV64QMqZKZwcuaQSP3AZ0tg==",
      "dev": true
    },
    "node_modules/tar": {
      "version": "6.1.15",
      "resolved": "https://registry.npmjs.org/tar/-/tar-6.1.15.tgz",
      "integrity": "sha512-/zKt9UyngnxIT/EAGYuxaMYgOIJiP81ab9ZfkILq4oNLPFX50qyYmu7jRj9qeXoxmJHjGlbH0+cm2uy1WCs10A==",
      "dev": true,
      "dependencies": {
        "chownr": "^2.0.0",
        "fs-minipass": "^2.0.0",
        "minipass": "^5.0.0",
        "minizlib": "^2.1.1",
        "mkdirp": "^1.0.3",
        "yallist": "^4.0.0"
      },
      "engines": {
        "node": ">=10"
      }
    },
    "node_modules/uint8arraylist": {
      "version": "2.4.3",
      "resolved": "https://registry.npmjs.org/uint8arraylist/-/uint8arraylist-2.4.3.tgz",
      "integrity": "sha512-oEVZr4/GrH87K0kjNce6z8pSCzLEPqHNLNR5sj8cJOySrTP8Vb/pMIbZKLJGhQKxm1TiZ31atNrpn820Pyqpow==",
      "dev": true,
      "dependencies": {
        "uint8arrays": "^4.0.2"
      },
      "engines": {
        "node": ">=16.0.0",
        "npm": ">=7.0.0"
      }
    },
    "node_modules/uint8arraylist/node_modules/uint8arrays": {
      "version": "4.0.4",
      "resolved": "https://registry.npmjs.org/uint8arrays/-/uint8arrays-4.0.4.tgz",
      "integrity": "sha512-AOoA66e/A7zoXm1mgzQjGmkWDTvCrS3ttWXLHFtlVAwMobLcaOA7G7WRNNAcyfjjYdFDtkEK6njRDX7hZLIO9Q==",
      "dev": true,
      "dependencies": {
        "multiformats": "^11.0.0"
      }
    },
    "node_modules/uint8arrays": {
      "version": "3.1.1",
      "resolved": "https://registry.npmjs.org/uint8arrays/-/uint8arrays-3.1.1.tgz",
      "integrity": "sha512-+QJa8QRnbdXVpHYjLoTpJIdCTiw9Ir62nocClWuXIq2JIh4Uta0cQsTSpFL678p2CN8B+XSApwcU+pQEqVpKWg==",
      "dev": true,
      "dependencies": {
        "multiformats": "^9.4.2"
      }
    },
    "node_modules/uint8arrays/node_modules/multiformats": {
      "version": "9.9.0",
      "resolved": "https://registry.npmjs.org/multiformats/-/multiformats-9.9.0.tgz",
      "integrity": "sha512-HoMUjhH9T8DDBNT+6xzkrd9ga/XiBI4xLr58LJACwK6G3HTOPeMz4nB4KJs33L2BelrIJa7P0VuNaVF3hMYfjg==",
      "dev": true
    },
    "node_modules/universalify": {
      "version": "2.0.0",
      "resolved": "https://registry.npmjs.org/universalify/-/universalify-2.0.0.tgz",
      "integrity": "sha512-hAZsKq7Yy11Zu1DE0OzWjw7nnLZmJZYTDZZyEFHZdUhV8FkH5MCfoU1XMaxXovpyW5nq5scPqq0ZDP9Zyl04oQ==",
      "dev": true,
      "engines": {
        "node": ">= 10.0.0"
      }
    },
    "node_modules/varint": {
      "version": "6.0.0",
      "resolved": "https://registry.npmjs.org/varint/-/varint-6.0.0.tgz",
      "integrity": "sha512-cXEIW6cfr15lFv563k4GuVuW/fiwjknytD37jIOLSdSWuOI6WnO/oKwmP2FQTU2l01LP8/M5TSAJpzUaGe3uWg==",
      "dev": true
    },
    "node_modules/wasm-feature-detect": {
      "version": "1.5.1",
      "resolved": "https://registry.npmjs.org/wasm-feature-detect/-/wasm-feature-detect-1.5.1.tgz",
      "integrity": "sha512-GHr23qmuehNXHY4902/hJ6EV5sUANIJC3R/yMfQ7hWDg3nfhlcJfnIL96R2ohpIwa62araN6aN4bLzzzq5GXkg==",
      "dev": true
    },
    "node_modules/web-streams-polyfill": {
      "version": "3.2.1",
      "resolved": "https://registry.npmjs.org/web-streams-polyfill/-/web-streams-polyfill-3.2.1.tgz",
      "integrity": "sha512-e0MO3wdXWKrLbL0DgGnUV7WHVuw9OUvL4hjgnPkIeEvESk74gAITi5G606JtZPp39cd8HA9VQzCIvA49LpPN5Q==",
      "dev": true,
      "engines": {
        "node": ">= 8"
      }
    },
    "node_modules/webworker-promise": {
      "version": "0.4.4",
      "resolved": "https://registry.npmjs.org/webworker-promise/-/webworker-promise-0.4.4.tgz",
      "integrity": "sha512-NfdSlaWqd+0iSrQudB0N0MELfJ9TVTlynhXMpi06piuZhyc9Yy7Hz6BFu2HUkvIb9lCS0pFW42ptd/JnXVnptg==",
      "dev": true
    },
    "node_modules/wrappy": {
      "version": "1.0.2",
      "resolved": "https://registry.npmjs.org/wrappy/-/wrappy-1.0.2.tgz",
      "integrity": "sha512-l4Sp/DRseor9wL6EvV2+TuQn63dMkPjZ/sp9XkghTEbV9KlPS1xUsZ3u7/IQO4wxtcFB4bgpQPRcR3QCvezPcQ==",
      "dev": true
    },
    "node_modules/yallist": {
      "version": "4.0.0",
      "resolved": "https://registry.npmjs.org/yallist/-/yallist-4.0.0.tgz",
      "integrity": "sha512-3wdGidZyq5PB084XLES5TpOSRA3wjXAlIWMhum2kRcv/41Sn2emQ0dycQW4uZXLejwKvg6EsvbdlVL+FYEct7A==",
      "dev": true
    }
  }
}
