version: 6
environments:
  default:
    channels:
    - url: https://conda.anaconda.org/conda-forge/
    packages:
      linux-64:
      - conda: https://conda.anaconda.org/conda-forge/linux-64/_libgcc_mutex-0.1-conda_forge.tar.bz2
      - conda: https://conda.anaconda.org/conda-forge/linux-64/_openmp_mutex-4.5-2_gnu.tar.bz2
      - conda: https://conda.anaconda.org/conda-forge/noarch/anyio-4.8.0-pyhd8ed1ab_0.conda
      - conda: https://conda.anaconda.org/conda-forge/noarch/backports-1.0-pyhd8ed1ab_5.conda
      - conda: https://conda.anaconda.org/conda-forge/noarch/backports.tarfile-1.2.0-pyhd8ed1ab_1.conda
      - conda: https://conda.anaconda.org/conda-forge/linux-64/bzip2-1.0.8-h4bc722e_7.conda
      - conda: https://conda.anaconda.org/conda-forge/linux-64/ca-certificates-2025.1.31-hbcca054_0.conda
      - conda: https://conda.anaconda.org/conda-forge/noarch/certifi-2025.1.31-pyhd8ed1ab_0.conda
      - conda: https://conda.anaconda.org/conda-forge/linux-64/cffi-1.17.1-py313hfab6e84_0.conda
      - conda: https://conda.anaconda.org/conda-forge/noarch/click-8.1.8-pyh707e725_0.conda
      - conda: https://conda.anaconda.org/conda-forge/linux-64/cryptography-44.0.2-py313h6556f6e_0.conda
      - conda: https://conda.anaconda.org/conda-forge/linux-64/dbus-1.13.6-h5008d03_3.tar.bz2
      - conda: https://conda.anaconda.org/conda-forge/noarch/distlib-0.3.9-pyhd8ed1ab_1.conda
      - conda: https://conda.anaconda.org/conda-forge/noarch/editables-0.5-pyhd8ed1ab_1.conda
      - conda: https://conda.anaconda.org/conda-forge/noarch/exceptiongroup-1.2.2-pyhd8ed1ab_1.conda
      - conda: https://conda.anaconda.org/conda-forge/linux-64/expat-2.6.4-h5888daf_0.conda
      - conda: https://conda.anaconda.org/conda-forge/noarch/filelock-3.17.0-pyhd8ed1ab_0.conda
      - conda: https://conda.anaconda.org/conda-forge/noarch/h11-0.14.0-pyhd8ed1ab_1.conda
      - conda: https://conda.anaconda.org/conda-forge/noarch/h2-4.2.0-pyhd8ed1ab_0.conda
      - conda: https://conda.anaconda.org/conda-forge/noarch/hatch-1.14.0-pyhd8ed1ab_1.conda
      - conda: https://conda.anaconda.org/conda-forge/noarch/hatchling-1.27.0-pypyhd8ed1ab_0.conda
      - conda: https://conda.anaconda.org/conda-forge/noarch/hpack-4.1.0-pyhd8ed1ab_0.conda
      - conda: https://conda.anaconda.org/conda-forge/noarch/httpcore-1.0.7-pyh29332c3_1.conda
      - conda: https://conda.anaconda.org/conda-forge/noarch/httpx-0.28.1-pyhd8ed1ab_0.conda
      - conda: https://conda.anaconda.org/conda-forge/noarch/hyperframe-6.1.0-pyhd8ed1ab_0.conda
      - conda: https://conda.anaconda.org/conda-forge/noarch/hyperlink-21.0.0-pyh29332c3_1.conda
      - conda: https://conda.anaconda.org/conda-forge/linux-64/icu-75.1-he02047a_0.conda
      - conda: https://conda.anaconda.org/conda-forge/noarch/idna-3.10-pyhd8ed1ab_1.conda
      - conda: https://conda.anaconda.org/conda-forge/noarch/importlib-metadata-8.6.1-pyha770c72_0.conda
      - conda: https://conda.anaconda.org/conda-forge/noarch/importlib_resources-6.5.2-pyhd8ed1ab_0.conda
      - conda: https://conda.anaconda.org/conda-forge/noarch/jaraco.classes-3.4.0-pyhd8ed1ab_2.conda
      - conda: https://conda.anaconda.org/conda-forge/noarch/jaraco.context-6.0.1-pyhd8ed1ab_0.conda
      - conda: https://conda.anaconda.org/conda-forge/noarch/jaraco.functools-4.1.0-pyhd8ed1ab_0.conda
      - conda: https://conda.anaconda.org/conda-forge/noarch/jeepney-0.9.0-pyhd8ed1ab_0.conda
      - conda: https://conda.anaconda.org/conda-forge/linux-64/jq-1.7.1-hd590300_0.conda
      - conda: https://conda.anaconda.org/conda-forge/noarch/keyring-25.6.0-pyha804496_0.conda
      - conda: https://conda.anaconda.org/conda-forge/linux-64/ld_impl_linux-64-2.43-h712a8e2_4.conda
      - conda: https://conda.anaconda.org/conda-forge/linux-64/libexpat-2.6.4-h5888daf_0.conda
      - conda: https://conda.anaconda.org/conda-forge/linux-64/libffi-3.4.6-h2dba641_0.conda
      - conda: https://conda.anaconda.org/conda-forge/linux-64/libgcc-14.2.0-h767d61c_2.conda
      - conda: https://conda.anaconda.org/conda-forge/linux-64/libgcc-ng-14.2.0-h69a702a_2.conda
      - conda: https://conda.anaconda.org/conda-forge/linux-64/libglib-2.82.2-h2ff4ddf_1.conda
      - conda: https://conda.anaconda.org/conda-forge/linux-64/libgomp-14.2.0-h767d61c_2.conda
      - conda: https://conda.anaconda.org/conda-forge/linux-64/libiconv-1.18-h4ce23a2_1.conda
      - conda: https://conda.anaconda.org/conda-forge/linux-64/liblzma-5.6.4-hb9d3cd8_0.conda
      - conda: https://conda.anaconda.org/conda-forge/linux-64/libmpdec-4.0.0-h4bc722e_0.conda
      - conda: https://conda.anaconda.org/conda-forge/linux-64/libsqlite-3.49.1-hee588c1_1.conda
      - conda: https://conda.anaconda.org/conda-forge/linux-64/libstdcxx-14.2.0-h8f9b012_2.conda
      - conda: https://conda.anaconda.org/conda-forge/linux-64/libstdcxx-ng-14.2.0-h4852527_2.conda
      - conda: https://conda.anaconda.org/conda-forge/linux-64/libuuid-2.38.1-h0b41bf4_0.conda
      - conda: https://conda.anaconda.org/conda-forge/linux-64/libuv-1.50.0-hb9d3cd8_0.conda
      - conda: https://conda.anaconda.org/conda-forge/linux-64/libzlib-1.3.1-hb9d3cd8_2.conda
      - conda: https://conda.anaconda.org/conda-forge/noarch/markdown-it-py-3.0.0-pyhd8ed1ab_1.conda
      - conda: https://conda.anaconda.org/conda-forge/noarch/mdurl-0.1.2-pyhd8ed1ab_1.conda
      - conda: https://conda.anaconda.org/conda-forge/noarch/more-itertools-10.6.0-pyhd8ed1ab_0.conda
      - conda: https://conda.anaconda.org/conda-forge/linux-64/ncurses-6.5-h2d0b736_3.conda
      - conda: https://conda.anaconda.org/conda-forge/linux-64/nodejs-22.13.0-hf235a45_0.conda
      - conda: https://conda.anaconda.org/conda-forge/linux-64/oniguruma-6.9.10-hb9d3cd8_0.conda
      - conda: https://conda.anaconda.org/conda-forge/linux-64/openssl-3.4.1-h7b32b05_0.conda
      - conda: https://conda.anaconda.org/conda-forge/noarch/packaging-24.2-pyhd8ed1ab_2.conda
      - conda: https://conda.anaconda.org/conda-forge/noarch/pathspec-0.12.1-pyhd8ed1ab_1.conda
      - conda: https://conda.anaconda.org/conda-forge/linux-64/pcre2-10.44-hba22ea6_2.conda
      - conda: https://conda.anaconda.org/conda-forge/noarch/pexpect-4.9.0-pyhd8ed1ab_1.conda
      - conda: https://conda.anaconda.org/conda-forge/noarch/platformdirs-4.3.6-pyhd8ed1ab_1.conda
      - conda: https://conda.anaconda.org/conda-forge/noarch/pluggy-1.5.0-pyhd8ed1ab_1.conda
      - conda: https://conda.anaconda.org/conda-forge/linux-64/pnpm-10.7.1-h6417eb3_0.conda
      - conda: https://conda.anaconda.org/conda-forge/noarch/ptyprocess-0.7.0-pyhd8ed1ab_1.conda
      - conda: https://conda.anaconda.org/conda-forge/noarch/pycparser-2.22-pyh29332c3_1.conda
      - conda: https://conda.anaconda.org/conda-forge/noarch/pygments-2.19.1-pyhd8ed1ab_0.conda
      - conda: https://conda.anaconda.org/conda-forge/linux-64/python-3.13.2-hf636f53_101_cp313.conda
      - conda: https://conda.anaconda.org/conda-forge/linux-64/python_abi-3.13-5_cp313.conda
      - conda: https://conda.anaconda.org/conda-forge/linux-64/readline-8.2-h8c095d6_2.conda
      - conda: https://conda.anaconda.org/conda-forge/noarch/rich-13.9.4-pyhd8ed1ab_1.conda
      - conda: https://conda.anaconda.org/conda-forge/linux-64/secretstorage-3.3.3-py313h78bf25f_3.conda
      - conda: https://conda.anaconda.org/conda-forge/noarch/shellingham-1.5.4-pyhd8ed1ab_1.conda
      - conda: https://conda.anaconda.org/conda-forge/noarch/sniffio-1.3.1-pyhd8ed1ab_1.conda
      - conda: https://conda.anaconda.org/conda-forge/linux-64/tk-8.6.13-noxft_h4845f30_101.conda
      - conda: https://conda.anaconda.org/conda-forge/noarch/tomli-2.2.1-pyhd8ed1ab_1.conda
      - conda: https://conda.anaconda.org/conda-forge/noarch/tomli-w-1.2.0-pyhd8ed1ab_0.conda
      - conda: https://conda.anaconda.org/conda-forge/noarch/tomlkit-0.13.2-pyha770c72_1.conda
      - conda: https://conda.anaconda.org/conda-forge/noarch/trove-classifiers-2025.3.3.18-pyhd8ed1ab_0.conda
      - conda: https://conda.anaconda.org/conda-forge/noarch/typing_extensions-4.12.2-pyha770c72_1.conda
      - conda: https://conda.anaconda.org/conda-forge/noarch/tzdata-2025a-h78e105d_0.conda
      - conda: https://conda.anaconda.org/conda-forge/noarch/userpath-1.9.2-pyhd8ed1ab_0.conda
      - conda: https://conda.anaconda.org/conda-forge/linux-64/uv-0.6.5-h0f3a69f_0.conda
      - conda: https://conda.anaconda.org/conda-forge/noarch/virtualenv-20.29.3-pyhd8ed1ab_0.conda
      - conda: https://conda.anaconda.org/conda-forge/noarch/zipp-3.21.0-pyhd8ed1ab_1.conda
      - conda: https://conda.anaconda.org/conda-forge/linux-64/zlib-1.3.1-hb9d3cd8_2.conda
      - conda: https://conda.anaconda.org/conda-forge/linux-64/zstandard-0.23.0-py313h80202fe_1.conda
      - conda: https://conda.anaconda.org/conda-forge/linux-64/zstd-1.5.6-ha6fb4c9_0.conda
packages:
- conda: https://conda.anaconda.org/conda-forge/linux-64/_libgcc_mutex-0.1-conda_forge.tar.bz2
  sha256: fe51de6107f9edc7aa4f786a70f4a883943bc9d39b3bb7307c04c41410990726
  md5: d7c89558ba9fa0495403155b64376d81
  license: None
  size: 2562
  timestamp: 1578324546067
- conda: https://conda.anaconda.org/conda-forge/linux-64/_openmp_mutex-4.5-2_gnu.tar.bz2
  build_number: 16
  sha256: fbe2c5e56a653bebb982eda4876a9178aedfc2b545f25d0ce9c4c0b508253d22
  md5: 73aaf86a425cc6e73fcf236a5a46396d
  depends:
  - _libgcc_mutex 0.1 conda_forge
  - libgomp >=7.5.0
  constrains:
  - openmp_impl 9999
  license: BSD-3-Clause
  license_family: BSD
  size: 23621
  timestamp: 1650670423406
- conda: https://conda.anaconda.org/conda-forge/noarch/anyio-4.8.0-pyhd8ed1ab_0.conda
  sha256: f1455d2953e3eb6d71bc49881c8558d8e01888469dfd21061dd48afb6183e836
  md5: 848d25bfbadf020ee4d4ba90e5668252
  depends:
  - exceptiongroup >=1.0.2
  - idna >=2.8
  - python >=3.9
  - sniffio >=1.1
  - typing_extensions >=4.5
  constrains:
  - trio >=0.26.1
  - uvloop >=0.21
  license: MIT
  license_family: MIT
  size: 115305
  timestamp: 1736174485476
- conda: https://conda.anaconda.org/conda-forge/noarch/backports-1.0-pyhd8ed1ab_5.conda
  sha256: e1c3dc8b5aa6e12145423fed262b4754d70fec601339896b9ccf483178f690a6
  md5: 767d508c1a67e02ae8f50e44cacfadb2
  depends:
  - python >=3.9
  license: BSD-3-Clause
  license_family: BSD
  size: 7069
  timestamp: 1733218168786
- conda: https://conda.anaconda.org/conda-forge/noarch/backports.tarfile-1.2.0-pyhd8ed1ab_1.conda
  sha256: a0f41db6d7580cec3c850e5d1b82cb03197dd49a3179b1cee59c62cd2c761b36
  md5: df837d654933488220b454c6a3b0fad6
  depends:
  - backports
  - python >=3.9
  license: MIT
  license_family: MIT
  size: 32786
  timestamp: 1733325872620
- conda: https://conda.anaconda.org/conda-forge/linux-64/bzip2-1.0.8-h4bc722e_7.conda
  sha256: 5ced96500d945fb286c9c838e54fa759aa04a7129c59800f0846b4335cee770d
  md5: 62ee74e96c5ebb0af99386de58cf9553
  depends:
  - __glibc >=2.17,<3.0.a0
  - libgcc-ng >=12
  license: bzip2-1.0.6
  license_family: BSD
  size: 252783
  timestamp: 1720974456583
- conda: https://conda.anaconda.org/conda-forge/linux-64/ca-certificates-2025.1.31-hbcca054_0.conda
  sha256: bf832198976d559ab44d6cdb315642655547e26d826e34da67cbee6624cda189
  md5: 19f3a56f68d2fd06c516076bff482c52
  license: ISC
  size: 158144
  timestamp: 1738298224464
- conda: https://conda.anaconda.org/conda-forge/noarch/certifi-2025.1.31-pyhd8ed1ab_0.conda
  sha256: 42a78446da06a2568cb13e69be3355169fbd0ea424b00fc80b7d840f5baaacf3
  md5: c207fa5ac7ea99b149344385a9c0880d
  depends:
  - python >=3.9
  license: ISC
  size: 162721
  timestamp: 1739515973129
- conda: https://conda.anaconda.org/conda-forge/linux-64/cffi-1.17.1-py313hfab6e84_0.conda
  sha256: 73cd6199b143a8a6cbf733ce124ed57defc1b9a7eab9b10fd437448caf8eaa45
  md5: ce6386a5892ef686d6d680c345c40ad1
  depends:
  - __glibc >=2.17,<3.0.a0
  - libffi >=3.4,<4.0a0
  - libgcc >=13
  - pycparser
  - python >=3.13.0rc1,<3.14.0a0
  - python_abi 3.13.* *_cp313
  license: MIT
  license_family: MIT
  size: 295514
  timestamp: 1725560706794
- conda: https://conda.anaconda.org/conda-forge/noarch/click-8.1.8-pyh707e725_0.conda
  sha256: c920d23cd1fcf565031c679adb62d848af60d6fbb0edc2d50ba475cea4f0d8ab
  md5: f22f4d4970e09d68a10b922cbb0408d3
  depends:
  - __unix
  - python >=3.9
  license: BSD-3-Clause
  license_family: BSD
  size: 84705
  timestamp: 1734858922844
- conda: https://conda.anaconda.org/conda-forge/linux-64/cryptography-44.0.2-py313h6556f6e_0.conda
  sha256: 9c319cfad619775e6d8b7ea796aaa3afbbca76065abc59401c4f3c3f8b283fe8
  md5: 3fff44ff412ed17629a239431e67b5d9
  depends:
  - __glibc >=2.17,<3.0.a0
  - cffi >=1.12
  - libgcc >=13
  - openssl >=3.4.1,<4.0a0
  - python >=3.13,<3.14.0a0
  - python_abi 3.13.* *_cp313
  constrains:
  - __glibc >=2.17
  license: Apache-2.0 AND BSD-3-Clause AND PSF-2.0 AND MIT
  license_family: BSD
  size: 1592265
  timestamp: 1740893768720
- conda: https://conda.anaconda.org/conda-forge/linux-64/dbus-1.13.6-h5008d03_3.tar.bz2
  sha256: 8f5f995699a2d9dbdd62c61385bfeeb57c82a681a7c8c5313c395aa0ccab68a5
  md5: ecfff944ba3960ecb334b9a2663d708d
  depends:
  - expat >=2.4.2,<3.0a0
  - libgcc-ng >=9.4.0
  - libglib >=2.70.2,<3.0a0
  license: GPL-2.0-or-later
  license_family: GPL
  size: 618596
  timestamp: 1640112124844
- conda: https://conda.anaconda.org/conda-forge/noarch/distlib-0.3.9-pyhd8ed1ab_1.conda
  sha256: 0e160c21776bd881b79ce70053e59736f51036784fa43a50da10a04f0c1b9c45
  md5: 8d88f4a2242e6b96f9ecff9a6a05b2f1
  depends:
  - python >=3.9
  license: Apache-2.0
  license_family: APACHE
  size: 274151
  timestamp: 1733238487461
- conda: https://conda.anaconda.org/conda-forge/noarch/editables-0.5-pyhd8ed1ab_1.conda
  sha256: 8d4f908e670be360617d418c328213bc46e7100154c3742db085148141712f60
  md5: 2cf824fe702d88e641eec9f9f653e170
  depends:
  - python >=3.9
  license: MIT
  license_family: MIT
  size: 10828
  timestamp: 1733208220327
- conda: https://conda.anaconda.org/conda-forge/noarch/exceptiongroup-1.2.2-pyhd8ed1ab_1.conda
  sha256: cbde2c64ec317118fc06b223c5fd87c8a680255e7348dd60e7b292d2e103e701
  md5: a16662747cdeb9abbac74d0057cc976e
  depends:
  - python >=3.9
  license: MIT and PSF-2.0
  size: 20486
  timestamp: 1733208916977
- conda: https://conda.anaconda.org/conda-forge/linux-64/expat-2.6.4-h5888daf_0.conda
  sha256: 1848c7db9e264e3b8036ee133d570dd880422983cd20dd9585a505289606d276
  md5: 1d6afef758879ef5ee78127eb4cd2c4a
  depends:
  - __glibc >=2.17,<3.0.a0
  - libexpat 2.6.4 h5888daf_0
  - libgcc >=13
  license: MIT
  license_family: MIT
  size: 138145
  timestamp: 1730967050578
- conda: https://conda.anaconda.org/conda-forge/noarch/filelock-3.17.0-pyhd8ed1ab_0.conda
  sha256: 006d7e5a0c17a6973596dd86bfc80d74ce541144d2aee2d22d46fd41df560a63
  md5: 7f402b4a1007ee355bc50ce4d24d4a57
  depends:
  - python >=3.9
  license: Unlicense
  size: 17544
  timestamp: 1737517924333
- conda: https://conda.anaconda.org/conda-forge/noarch/h11-0.14.0-pyhd8ed1ab_1.conda
  sha256: 622516185a7c740d5c7f27016d0c15b45782c1501e5611deec63fd70344ce7c8
  md5: 7ee49e89531c0dcbba9466f6d115d585
  depends:
  - python >=3.9
  - typing_extensions
  license: MIT
  license_family: MIT
  size: 51846
  timestamp: 1733327599467
- conda: https://conda.anaconda.org/conda-forge/noarch/h2-4.2.0-pyhd8ed1ab_0.conda
  sha256: 0aa1cdc67a9fe75ea95b5644b734a756200d6ec9d0dff66530aec3d1c1e9df75
  md5: b4754fb1bdcb70c8fd54f918301582c6
  depends:
  - hpack >=4.1,<5
  - hyperframe >=6.1,<7
  - python >=3.9
  license: MIT
  license_family: MIT
  size: 53888
  timestamp: 1738578623567
- conda: https://conda.anaconda.org/conda-forge/noarch/hatch-1.14.0-pyhd8ed1ab_1.conda
  sha256: 908fc6e847da57da39011be839db0f56f16428d3d950f49a8c7ac1c9c1ed0505
  md5: b34bdd91d7298c76d9891cea6c8ab27f
  depends:
  - click >=8.0.6
  - hatchling >=1.24.2
  - httpx >=0.22.0
  - hyperlink >=21.0.0
  - keyring >=23.5.0
  - packaging >=24.2
  - pexpect >=4.8,<5
  - platformdirs >=2.5.0
  - python >=3.9
  - rich >=11.2.0
  - shellingham >=1.4.0
  - tomli-w >=1.0
  - tomlkit >=0.11.1
  - userpath >=1.7,<2
  - uv >=0.1.35
  - virtualenv >=20.26.6
  - zstandard <1.0
  license: MIT
  license_family: MIT
  size: 177914
  timestamp: 1734476985835
- conda: https://conda.anaconda.org/conda-forge/noarch/hatchling-1.27.0-pypyhd8ed1ab_0.conda
  sha256: e83420f81390535774ac33b83d05249b8993e5376b76b4d461f83a77549e493d
  md5: b85c18ba6e927ae0da3fde426c893cc8
  depends:
  - editables >=0.3
  - importlib-metadata
  - packaging >=21.3
  - pathspec >=0.10.1
  - pluggy >=1.0.0
  - python >=3.7
  - python >=3.8
  - tomli >=1.2.2
  - trove-classifiers
  license: MIT
  license_family: MIT
  size: 56598
  timestamp: 1734311718682
- conda: https://conda.anaconda.org/conda-forge/noarch/hpack-4.1.0-pyhd8ed1ab_0.conda
  sha256: 6ad78a180576c706aabeb5b4c8ceb97c0cb25f1e112d76495bff23e3779948ba
  md5: 0a802cb9888dd14eeefc611f05c40b6e
  depends:
  - python >=3.9
  license: MIT
  license_family: MIT
  size: 30731
  timestamp: 1737618390337
- conda: https://conda.anaconda.org/conda-forge/noarch/httpcore-1.0.7-pyh29332c3_1.conda
  sha256: c84d012a245171f3ed666a8bf9319580c269b7843ffa79f26468842da3abd5df
  md5: 2ca8e6dbc86525c8b95e3c0ffa26442e
  depends:
  - python >=3.8
  - h11 >=0.13,<0.15
  - h2 >=3,<5
  - sniffio 1.*
  - anyio >=3.0,<5.0
  - certifi
  license: BSD-3-Clause
  license_family: BSD
  size: 48959
  timestamp: 1731707562362
- conda: https://conda.anaconda.org/conda-forge/noarch/httpx-0.28.1-pyhd8ed1ab_0.conda
  sha256: cd0f1de3697b252df95f98383e9edb1d00386bfdd03fdf607fa42fe5fcb09950
  md5: d6989ead454181f4f9bc987d3dc4e285
  depends:
  - anyio
  - certifi
  - httpcore 1.*
  - idna
  - python >=3.9
  license: BSD-3-Clause
  license_family: BSD
  size: 63082
  timestamp: 1733663449209
- conda: https://conda.anaconda.org/conda-forge/noarch/hyperframe-6.1.0-pyhd8ed1ab_0.conda
  sha256: 77af6f5fe8b62ca07d09ac60127a30d9069fdc3c68d6b256754d0ffb1f7779f8
  md5: 8e6923fc12f1fe8f8c4e5c9f343256ac
  depends:
  - python >=3.9
  license: MIT
  license_family: MIT
  size: 17397
  timestamp: 1737618427549
- conda: https://conda.anaconda.org/conda-forge/noarch/hyperlink-21.0.0-pyh29332c3_1.conda
  sha256: 6fc0a91c590b3055bfb7983e6521c7b780ab8b11025058eaf898049ea827d829
  md5: c27acdecaf3c311e5781b81fe02d9641
  depends:
  - python >=3.9
  - idna >=2.6
  - python
  license: MIT
  license_family: MIT
  size: 74751
  timestamp: 1733319972207
- conda: https://conda.anaconda.org/conda-forge/linux-64/icu-75.1-he02047a_0.conda
  sha256: 71e750d509f5fa3421087ba88ef9a7b9be11c53174af3aa4d06aff4c18b38e8e
  md5: 8b189310083baabfb622af68fd9d3ae3
  depends:
  - __glibc >=2.17,<3.0.a0
  - libgcc-ng >=12
  - libstdcxx-ng >=12
  license: MIT
  license_family: MIT
  size: 12129203
  timestamp: 1720853576813
- conda: https://conda.anaconda.org/conda-forge/noarch/idna-3.10-pyhd8ed1ab_1.conda
  sha256: d7a472c9fd479e2e8dcb83fb8d433fce971ea369d704ece380e876f9c3494e87
  md5: 39a4f67be3286c86d696df570b1201b7
  depends:
  - python >=3.9
  license: BSD-3-Clause
  license_family: BSD
  size: 49765
  timestamp: 1733211921194
- conda: https://conda.anaconda.org/conda-forge/noarch/importlib-metadata-8.6.1-pyha770c72_0.conda
  sha256: 598951ebdb23e25e4cec4bbff0ae369cec65ead80b50bc08b441d8e54de5cf03
  md5: f4b39bf00c69f56ac01e020ebfac066c
  depends:
  - python >=3.9
  - zipp >=0.5
  license: Apache-2.0
  license_family: APACHE
  size: 29141
  timestamp: 1737420302391
- conda: https://conda.anaconda.org/conda-forge/noarch/importlib_resources-6.5.2-pyhd8ed1ab_0.conda
  sha256: acc1d991837c0afb67c75b77fdc72b4bf022aac71fedd8b9ea45918ac9b08a80
  md5: c85c76dc67d75619a92f51dfbce06992
  depends:
  - python >=3.9
  - zipp >=3.1.0
  constrains:
  - importlib-resources >=6.5.2,<6.5.3.0a0
  license: Apache-2.0
  license_family: APACHE
  size: 33781
  timestamp: 1736252433366
- conda: https://conda.anaconda.org/conda-forge/noarch/jaraco.classes-3.4.0-pyhd8ed1ab_2.conda
  sha256: 3d16a0fa55a29fe723c918a979b2ee927eb0bf9616381cdfd26fa9ea2b649546
  md5: ade6b25a6136661dadd1a43e4350b10b
  depends:
  - more-itertools
  - python >=3.9
  license: MIT
  license_family: MIT
  size: 12109
  timestamp: 1733326001034
- conda: https://conda.anaconda.org/conda-forge/noarch/jaraco.context-6.0.1-pyhd8ed1ab_0.conda
  sha256: bfaba92cd33a0ae2488ab64a1d4e062bcf52b26a71f88292c62386ccac4789d7
  md5: bcc023a32ea1c44a790bbf1eae473486
  depends:
  - backports.tarfile
  - python >=3.9
  license: MIT
  license_family: MIT
  size: 12483
  timestamp: 1733382698758
- conda: https://conda.anaconda.org/conda-forge/noarch/jaraco.functools-4.1.0-pyhd8ed1ab_0.conda
  sha256: 61da3e37149da5c8479c21571eaec61cc4a41678ee872dcb2ff399c30878dddb
  md5: eb257d223050a5a27f5fdf5c9debc8ec
  depends:
  - more-itertools
  - python >=3.9
  license: MIT
  license_family: MIT
  size: 15545
  timestamp: 1733746481844
- conda: https://conda.anaconda.org/conda-forge/noarch/jeepney-0.9.0-pyhd8ed1ab_0.conda
  sha256: 00d37d85ca856431c67c8f6e890251e7cc9e5ef3724a0302b8d4a101f22aa27f
  md5: b4b91eb14fbe2f850dd2c5fc20676c0d
  depends:
  - python >=3.9
  license: MIT
  license_family: MIT
  size: 40015
  timestamp: 1740828380668
- conda: https://conda.anaconda.org/conda-forge/linux-64/jq-1.7.1-hd590300_0.conda
  sha256: a04a1603e405ea9ae5c4a492a8e361086cb441a91ef7299bd4bf3eca0b485b6d
  md5: 80814f94713e35df60aad6c4b235de87
  depends:
  - libgcc-ng >=12
  - oniguruma 6.9.*
  - oniguruma >=6.9.9,<6.10.0a0
  license: MIT
  license_family: MIT
  size: 318956
  timestamp: 1702500793203
- conda: https://conda.anaconda.org/conda-forge/noarch/keyring-25.6.0-pyha804496_0.conda
  sha256: b6f57c17cf098022c32fe64e85e9615d427a611c48a5947cdfc357490210a124
  md5: cdd58ab99c214b55d56099108a914282
  depends:
  - __linux
  - importlib-metadata >=4.11.4
  - importlib_resources
  - jaraco.classes
  - jaraco.context
  - jaraco.functools
  - jeepney >=0.4.2
  - python >=3.9
  - secretstorage >=3.2
  license: MIT
  license_family: MIT
  size: 36985
  timestamp: 1735210286595
- conda: https://conda.anaconda.org/conda-forge/linux-64/ld_impl_linux-64-2.43-h712a8e2_4.conda
  sha256: db73f38155d901a610b2320525b9dd3b31e4949215c870685fd92ea61b5ce472
  md5: 01f8d123c96816249efd255a31ad7712
  depends:
  - __glibc >=2.17,<3.0.a0
  constrains:
  - binutils_impl_linux-64 2.43
  license: GPL-3.0-only
  license_family: GPL
  size: 671240
  timestamp: 1740155456116
- conda: https://conda.anaconda.org/conda-forge/linux-64/libexpat-2.6.4-h5888daf_0.conda
  sha256: 56541b98447b58e52d824bd59d6382d609e11de1f8adf20b23143e353d2b8d26
  md5: db833e03127376d461e1e13e76f09b6c
  depends:
  - __glibc >=2.17,<3.0.a0
  - libgcc >=13
  constrains:
  - expat 2.6.4.*
  license: MIT
  license_family: MIT
  size: 73304
  timestamp: 1730967041968
- conda: https://conda.anaconda.org/conda-forge/linux-64/libffi-3.4.6-h2dba641_0.conda
  sha256: 67a6c95e33ebc763c1adc3455b9a9ecde901850eb2fceb8e646cc05ef3a663da
  md5: e3eb7806380bc8bcecba6d749ad5f026
  depends:
  - __glibc >=2.17,<3.0.a0
  - libgcc >=13
  license: MIT
  license_family: MIT
  size: 53415
  timestamp: 1739260413716
- conda: https://conda.anaconda.org/conda-forge/linux-64/libgcc-14.2.0-h767d61c_2.conda
  sha256: 3a572d031cb86deb541d15c1875aaa097baefc0c580b54dc61f5edab99215792
  md5: ef504d1acbd74b7cc6849ef8af47dd03
  depends:
  - __glibc >=2.17,<3.0.a0
  - _openmp_mutex >=4.5
  constrains:
  - libgomp 14.2.0 h767d61c_2
  - libgcc-ng ==14.2.0=*_2
  license: GPL-3.0-only WITH GCC-exception-3.1
  license_family: GPL
  size: 847885
  timestamp: 1740240653082
- conda: https://conda.anaconda.org/conda-forge/linux-64/libgcc-ng-14.2.0-h69a702a_2.conda
  sha256: fb7558c328b38b2f9d2e412c48da7890e7721ba018d733ebdfea57280df01904
  md5: a2222a6ada71fb478682efe483ce0f92
  depends:
  - libgcc 14.2.0 h767d61c_2
  license: GPL-3.0-only WITH GCC-exception-3.1
  license_family: GPL
  size: 53758
  timestamp: 1740240660904
- conda: https://conda.anaconda.org/conda-forge/linux-64/libglib-2.82.2-h2ff4ddf_1.conda
  sha256: f0804a9e46ae7b32ca698d26c1c95aa82a91f71b6051883d4a46bea725be9ea4
  md5: 37d1af619d999ee8f1f73cf5a06f4e2f
  depends:
  - __glibc >=2.17,<3.0.a0
  - libffi >=3.4,<4.0a0
  - libgcc >=13
  - libiconv >=1.17,<2.0a0
  - libzlib >=1.3.1,<2.0a0
  - pcre2 >=10.44,<10.45.0a0
  constrains:
  - glib 2.82.2 *_1
  license: LGPL-2.1-or-later
  size: 3923974
  timestamp: 1737037491054
- conda: https://conda.anaconda.org/conda-forge/linux-64/libgomp-14.2.0-h767d61c_2.conda
  sha256: 1a3130e0b9267e781b89399580f3163632d59fe5b0142900d63052ab1a53490e
  md5: 06d02030237f4d5b3d9a7e7d348fe3c6
  depends:
  - __glibc >=2.17,<3.0.a0
  license: GPL-3.0-only WITH GCC-exception-3.1
  license_family: GPL
  size: 459862
  timestamp: 1740240588123
- conda: https://conda.anaconda.org/conda-forge/linux-64/libiconv-1.18-h4ce23a2_1.conda
  sha256: 18a4afe14f731bfb9cf388659994263904d20111e42f841e9eea1bb6f91f4ab4
  md5: e796ff8ddc598affdf7c173d6145f087
  depends:
  - __glibc >=2.17,<3.0.a0
  - libgcc >=13
  license: LGPL-2.1-only
  size: 713084
  timestamp: 1740128065462
- conda: https://conda.anaconda.org/conda-forge/linux-64/liblzma-5.6.4-hb9d3cd8_0.conda
  sha256: cad52e10319ca4585bc37f0bc7cce99ec7c15dc9168e42ccb96b741b0a27db3f
  md5: 42d5b6a0f30d3c10cd88cb8584fda1cb
  depends:
  - __glibc >=2.17,<3.0.a0
  - libgcc >=13
  license: 0BSD
  size: 111357
  timestamp: 1738525339684
- conda: https://conda.anaconda.org/conda-forge/linux-64/libmpdec-4.0.0-h4bc722e_0.conda
  sha256: d02d1d3304ecaf5c728e515eb7416517a0b118200cd5eacbe829c432d1664070
  md5: aeb98fdeb2e8f25d43ef71fbacbeec80
  depends:
  - __glibc >=2.17,<3.0.a0
  - libgcc-ng >=12
  license: BSD-2-Clause
  license_family: BSD
  size: 89991
  timestamp: 1723817448345
- conda: https://conda.anaconda.org/conda-forge/linux-64/libsqlite-3.49.1-hee588c1_1.conda
  sha256: 7a09eef804ef7cf4d88215c2297eabb72af8ad0bd5b012060111c289f14bbe7d
  md5: 73cea06049cc4174578b432320a003b8
  depends:
  - __glibc >=2.17,<3.0.a0
  - libgcc >=13
  - libzlib >=1.3.1,<2.0a0
  license: Unlicense
  size: 915956
  timestamp: 1739953155793
- conda: https://conda.anaconda.org/conda-forge/linux-64/libstdcxx-14.2.0-h8f9b012_2.conda
  sha256: 8f5bd92e4a24e1d35ba015c5252e8f818898478cb3bc50bd8b12ab54707dc4da
  md5: a78c856b6dc6bf4ea8daeb9beaaa3fb0
  depends:
  - __glibc >=2.17,<3.0.a0
  - libgcc 14.2.0 h767d61c_2
  license: GPL-3.0-only WITH GCC-exception-3.1
  license_family: GPL
  size: 3884556
  timestamp: 1740240685253
- conda: https://conda.anaconda.org/conda-forge/linux-64/libstdcxx-ng-14.2.0-h4852527_2.conda
  sha256: e86f38b007cf97cc2c67cd519f2de12a313c4ee3f5ef11652ad08932a5e34189
  md5: c75da67f045c2627f59e6fcb5f4e3a9b
  depends:
  - libstdcxx 14.2.0 h8f9b012_2
  license: GPL-3.0-only WITH GCC-exception-3.1
  license_family: GPL
  size: 53830
  timestamp: 1740240722530
- conda: https://conda.anaconda.org/conda-forge/linux-64/libuuid-2.38.1-h0b41bf4_0.conda
  sha256: 787eb542f055a2b3de553614b25f09eefb0a0931b0c87dbcce6efdfd92f04f18
  md5: 40b61aab5c7ba9ff276c41cfffe6b80b
  depends:
  - libgcc-ng >=12
  license: BSD-3-Clause
  license_family: BSD
  size: 33601
  timestamp: 1680112270483
- conda: https://conda.anaconda.org/conda-forge/linux-64/libuv-1.50.0-hb9d3cd8_0.conda
  sha256: b4a8890023902aef9f1f33e3e35603ad9c2f16c21fdb58e968fa6c1bd3e94c0b
  md5: 771ee65e13bc599b0b62af5359d80169
  depends:
  - __glibc >=2.17,<3.0.a0
  - libgcc >=13
  license: MIT
  license_family: MIT
  size: 891272
  timestamp: 1737016632446
- conda: https://conda.anaconda.org/conda-forge/linux-64/libzlib-1.3.1-hb9d3cd8_2.conda
  sha256: d4bfe88d7cb447768e31650f06257995601f89076080e76df55e3112d4e47dc4
  md5: edb0dca6bc32e4f4789199455a1dbeb8
  depends:
  - __glibc >=2.17,<3.0.a0
  - libgcc >=13
  constrains:
  - zlib 1.3.1 *_2
  license: Zlib
  license_family: Other
  size: 60963
  timestamp: 1727963148474
- conda: https://conda.anaconda.org/conda-forge/noarch/markdown-it-py-3.0.0-pyhd8ed1ab_1.conda
  sha256: 0fbacdfb31e55964152b24d5567e9a9996e1e7902fb08eb7d91b5fd6ce60803a
  md5: fee3164ac23dfca50cfcc8b85ddefb81
  depends:
  - mdurl >=0.1,<1
  - python >=3.9
  license: MIT
  license_family: MIT
  size: 64430
  timestamp: 1733250550053
- conda: https://conda.anaconda.org/conda-forge/noarch/mdurl-0.1.2-pyhd8ed1ab_1.conda
  sha256: 78c1bbe1723449c52b7a9df1af2ee5f005209f67e40b6e1d3c7619127c43b1c7
  md5: 592132998493b3ff25fd7479396e8351
  depends:
  - python >=3.9
  license: MIT
  license_family: MIT
  size: 14465
  timestamp: 1733255681319
- conda: https://conda.anaconda.org/conda-forge/noarch/more-itertools-10.6.0-pyhd8ed1ab_0.conda
  sha256: e017ede184823b12a194d058924ca26e1129975cee1cae47f69d6115c0478b55
  md5: 9b1225d67235df5411dbd2c94a5876b7
  depends:
  - python >=3.9
  license: MIT
  license_family: MIT
  size: 58739
  timestamp: 1736883940984
- conda: https://conda.anaconda.org/conda-forge/linux-64/ncurses-6.5-h2d0b736_3.conda
  sha256: 3fde293232fa3fca98635e1167de6b7c7fda83caf24b9d6c91ec9eefb4f4d586
  md5: 47e340acb35de30501a76c7c799c41d7
  depends:
  - __glibc >=2.17,<3.0.a0
  - libgcc >=13
  license: X11 AND BSD-3-Clause
  size: 891641
  timestamp: 1738195959188
- conda: https://conda.anaconda.org/conda-forge/linux-64/nodejs-22.13.0-hf235a45_0.conda
  sha256: 925ea8839d6f26d0eb4204675b98a862803a9a9657fd36a4a22c4c29a479a911
  md5: 1f9efd96347aa008bd2c735d7d88fc75
  depends:
  - __glibc >=2.28,<3.0.a0
  - icu >=75.1,<76.0a0
  - libgcc >=13
  - libstdcxx >=13
  - libuv >=1.50.0,<2.0a0
  - libzlib >=1.3.1,<2.0a0
  - openssl >=3.4.1,<4.0a0
  - zlib
  license: MIT
  license_family: MIT
  size: 21691794
  timestamp: 1741809786920
- conda: https://conda.anaconda.org/conda-forge/linux-64/oniguruma-6.9.10-hb9d3cd8_0.conda
  sha256: bbff8a60f70d5ebab138b564554f28258472e1e63178614562d4feee29d10da2
  md5: 6ce853cb231f18576d2db5c2d4cb473e
  depends:
  - __glibc >=2.17,<3.0.a0
  - libgcc >=13
  license: BSD-2-Clause
  license_family: BSD
  size: 248670
  timestamp: 1735727084819
- conda: https://conda.anaconda.org/conda-forge/linux-64/openssl-3.4.1-h7b32b05_0.conda
  sha256: cbf62df3c79a5c2d113247ddea5658e9ff3697b6e741c210656e239ecaf1768f
  md5: 41adf927e746dc75ecf0ef841c454e48
  depends:
  - __glibc >=2.17,<3.0.a0
  - ca-certificates
  - libgcc >=13
  license: Apache-2.0
  license_family: Apache
  size: 2939306
  timestamp: 1739301879343
- conda: https://conda.anaconda.org/conda-forge/noarch/packaging-24.2-pyhd8ed1ab_2.conda
  sha256: da157b19bcd398b9804c5c52fc000fcb8ab0525bdb9c70f95beaa0bb42f85af1
  md5: 3bfed7e6228ebf2f7b9eaa47f1b4e2aa
  depends:
  - python >=3.8
  license: Apache-2.0
  license_family: APACHE
  size: 60164
  timestamp: 1733203368787
- conda: https://conda.anaconda.org/conda-forge/noarch/pathspec-0.12.1-pyhd8ed1ab_1.conda
  sha256: 9f64009cdf5b8e529995f18e03665b03f5d07c0b17445b8badef45bde76249ee
  md5: 617f15191456cc6a13db418a275435e5
  depends:
  - python >=3.9
  license: MPL-2.0
  license_family: MOZILLA
  size: 41075
  timestamp: 1733233471940
- conda: https://conda.anaconda.org/conda-forge/linux-64/pcre2-10.44-hba22ea6_2.conda
  sha256: 1087716b399dab91cc9511d6499036ccdc53eb29a288bebcb19cf465c51d7c0d
  md5: df359c09c41cd186fffb93a2d87aa6f5
  depends:
  - __glibc >=2.17,<3.0.a0
  - bzip2 >=1.0.8,<2.0a0
  - libgcc-ng >=12
  - libzlib >=1.3.1,<2.0a0
  license: BSD-3-Clause
  license_family: BSD
  size: 952308
  timestamp: 1723488734144
- conda: https://conda.anaconda.org/conda-forge/noarch/pexpect-4.9.0-pyhd8ed1ab_1.conda
  sha256: 202af1de83b585d36445dc1fda94266697341994d1a3328fabde4989e1b3d07a
  md5: d0d408b1f18883a944376da5cf8101ea
  depends:
  - ptyprocess >=0.5
  - python >=3.9
  license: ISC
  size: 53561
  timestamp: 1733302019362
- conda: https://conda.anaconda.org/conda-forge/noarch/platformdirs-4.3.6-pyhd8ed1ab_1.conda
  sha256: bb50f6499e8bc1d1a26f17716c97984671121608dc0c3ecd34858112bce59a27
  md5: 577852c7e53901ddccc7e6a9959ddebe
  depends:
  - python >=3.9
  license: MIT
  license_family: MIT
  size: 20448
  timestamp: 1733232756001
- conda: https://conda.anaconda.org/conda-forge/noarch/pluggy-1.5.0-pyhd8ed1ab_1.conda
  sha256: 122433fc5318816b8c69283aaf267c73d87aa2d09ce39f64c9805c9a3b264819
  md5: e9dcbce5f45f9ee500e728ae58b605b6
  depends:
  - python >=3.9
  license: MIT
  license_family: MIT
  size: 23595
  timestamp: 1733222855563
- conda: https://conda.anaconda.org/conda-forge/linux-64/pnpm-10.7.1-h6417eb3_0.conda
  sha256: 5a322ff24cf0c8cdbedc65d4a3d5f006bd7dff77167440dedde4f9e80d1a7c62
  md5: 6769d540b44bc44ee6c0df0b11b79198
  depends:
  - __glibc >=2.17,<3.0.a0
  - libgcc >=13
  - libstdcxx >=13
  - nodejs >=22.13.0,<23.0a0
  license: MIT
  size: 3424297
  timestamp: 1743941366373
- conda: https://conda.anaconda.org/conda-forge/noarch/ptyprocess-0.7.0-pyhd8ed1ab_1.conda
  sha256: a7713dfe30faf17508ec359e0bc7e0983f5d94682492469bd462cdaae9c64d83
  md5: 7d9daffbb8d8e0af0f769dbbcd173a54
  depends:
  - python >=3.9
  license: ISC
  size: 19457
  timestamp: 1733302371990
- conda: https://conda.anaconda.org/conda-forge/noarch/pycparser-2.22-pyh29332c3_1.conda
  sha256: 79db7928d13fab2d892592223d7570f5061c192f27b9febd1a418427b719acc6
  md5: 12c566707c80111f9799308d9e265aef
  depends:
  - python >=3.9
  - python
  license: BSD-3-Clause
  license_family: BSD
  size: 110100
  timestamp: 1733195786147
- conda: https://conda.anaconda.org/conda-forge/noarch/pygments-2.19.1-pyhd8ed1ab_0.conda
  sha256: 28a3e3161390a9d23bc02b4419448f8d27679d9e2c250e29849e37749c8de86b
  md5: 232fb4577b6687b2d503ef8e254270c9
  depends:
  - python >=3.9
  license: BSD-2-Clause
  license_family: BSD
  size: 888600
  timestamp: 1736243563082
- conda: https://conda.anaconda.org/conda-forge/linux-64/python-3.13.2-hf636f53_101_cp313.conda
  build_number: 101
  sha256: cc1984ee54261cee6a2db75c65fc7d2967bc8c6e912d332614df15244d7730ef
  md5: a7902a3611fe773da3921cbbf7bc2c5c
  depends:
  - __glibc >=2.17,<3.0.a0
  - bzip2 >=1.0.8,<2.0a0
  - ld_impl_linux-64 >=2.36.1
  - libexpat >=2.6.4,<3.0a0
  - libffi >=3.4,<4.0a0
  - libgcc >=13
  - liblzma >=5.6.4,<6.0a0
  - libmpdec >=4.0.0,<5.0a0
  - libsqlite >=3.48.0,<4.0a0
  - libuuid >=2.38.1,<3.0a0
  - libzlib >=1.3.1,<2.0a0
  - ncurses >=6.5,<7.0a0
  - openssl >=3.4.1,<4.0a0
  - python_abi 3.13.* *_cp313
  - readline >=8.2,<9.0a0
  - tk >=8.6.13,<8.7.0a0
  - tzdata
  license: Python-2.0
  size: 33233150
  timestamp: 1739803603242
  python_site_packages_path: lib/python3.13/site-packages
- conda: https://conda.anaconda.org/conda-forge/linux-64/python_abi-3.13-5_cp313.conda
  build_number: 5
  sha256: 438225b241c5f9bddae6f0178a97f5870a89ecf927dfca54753e689907331442
  md5: 381bbd2a92c863f640a55b6ff3c35161
  constrains:
  - python 3.13.* *_cp313
  license: BSD-3-Clause
  license_family: BSD
  size: 6217
  timestamp: 1723823393322
- conda: https://conda.anaconda.org/conda-forge/linux-64/readline-8.2-h8c095d6_2.conda
  sha256: 2d6d0c026902561ed77cd646b5021aef2d4db22e57a5b0178dfc669231e06d2c
  md5: 283b96675859b20a825f8fa30f311446
  depends:
  - libgcc >=13
  - ncurses >=6.5,<7.0a0
  license: GPL-3.0-only
  license_family: GPL
  size: 282480
  timestamp: 1740379431762
- conda: https://conda.anaconda.org/conda-forge/noarch/rich-13.9.4-pyhd8ed1ab_1.conda
  sha256: 06a760c5ae572e72e865d5a87e9fe3cc171e1a9c996e63daf3db52ff1a0b4457
  md5: 7aed65d4ff222bfb7335997aa40b7da5
  depends:
  - markdown-it-py >=2.2.0
  - pygments >=2.13.0,<3.0.0
  - python >=3.9
  - typing_extensions >=4.0.0,<5.0.0
  license: MIT
  license_family: MIT
  size: 185646
  timestamp: 1733342347277
- conda: https://conda.anaconda.org/conda-forge/linux-64/secretstorage-3.3.3-py313h78bf25f_3.conda
  sha256: 7f548e147e14ce743a796aa5f26aba11f82c14ab53ab25b48f35974ca48f6ac7
  md5: 813e01c086f6c4e134e13ef25b02df8c
  depends:
  - cryptography
  - dbus
  - jeepney >=0.6
  - python >=3.13.0rc1,<3.14.0a0
  - python_abi 3.13.* *_cp313
  license: BSD-3-Clause
  license_family: BSD
  size: 32074
  timestamp: 1725915738039
- conda: https://conda.anaconda.org/conda-forge/noarch/shellingham-1.5.4-pyhd8ed1ab_1.conda
  sha256: 0557c090913aa63cdbe821dbdfa038a321b488e22bc80196c4b3b1aace4914ef
  md5: 7c3c2a0f3ebdea2bbc35538d162b43bf
  depends:
  - python >=3.9
  license: MIT
  license_family: MIT
  size: 14462
  timestamp: 1733301007770
- conda: https://conda.anaconda.org/conda-forge/noarch/sniffio-1.3.1-pyhd8ed1ab_1.conda
  sha256: c2248418c310bdd1719b186796ae50a8a77ce555228b6acd32768e2543a15012
  md5: bf7a226e58dfb8346c70df36065d86c9
  depends:
  - python >=3.9
  license: Apache-2.0
  license_family: Apache
  size: 15019
  timestamp: 1733244175724
- conda: https://conda.anaconda.org/conda-forge/linux-64/tk-8.6.13-noxft_h4845f30_101.conda
  sha256: e0569c9caa68bf476bead1bed3d79650bb080b532c64a4af7d8ca286c08dea4e
  md5: d453b98d9c83e71da0741bb0ff4d76bc
  depends:
  - libgcc-ng >=12
  - libzlib >=1.2.13,<2.0.0a0
  license: TCL
  license_family: BSD
  size: 3318875
  timestamp: 1699202167581
- conda: https://conda.anaconda.org/conda-forge/noarch/tomli-2.2.1-pyhd8ed1ab_1.conda
  sha256: 18636339a79656962723077df9a56c0ac7b8a864329eb8f847ee3d38495b863e
  md5: ac944244f1fed2eb49bae07193ae8215
  depends:
  - python >=3.9
  license: MIT
  license_family: MIT
  size: 19167
  timestamp: 1733256819729
- conda: https://conda.anaconda.org/conda-forge/noarch/tomli-w-1.2.0-pyhd8ed1ab_0.conda
  sha256: 304834f2438017921d69f05b3f5a6394b42dc89a90a6128a46acbf8160d377f6
  md5: 32e37e8fe9ef45c637ee38ad51377769
  depends:
  - python >=3.9
  license: MIT
  license_family: MIT
  size: 12680
  timestamp: 1736962345843
- conda: https://conda.anaconda.org/conda-forge/noarch/tomlkit-0.13.2-pyha770c72_1.conda
  sha256: 986fae65f5568e95dbf858d08d77a0f9cca031345a98550f1d4b51d36d8811e2
  md5: 1d9ab4fc875c52db83f9c9b40af4e2c8
  depends:
  - python >=3.9
  license: MIT
  license_family: MIT
  size: 37372
  timestamp: 1733230836889
- conda: https://conda.anaconda.org/conda-forge/noarch/trove-classifiers-2025.3.3.18-pyhd8ed1ab_0.conda
  sha256: 8cd43b561122bfeb7e99df2dc3ec5633d5888e54fa07c059d993a5971b3f3a94
  md5: 810ef4243f6d79c0b8053f21fbee2101
  depends:
  - python >=3.9
  license: Apache-2.0
  license_family: Apache
  size: 18705
  timestamp: 1741073502142
- conda: https://conda.anaconda.org/conda-forge/noarch/typing_extensions-4.12.2-pyha770c72_1.conda
  sha256: 337be7af5af8b2817f115b3b68870208b30c31d3439bec07bfb2d8f4823e3568
  md5: d17f13df8b65464ca316cbc000a3cb64
  depends:
  - python >=3.9
  license: PSF-2.0
  license_family: PSF
  size: 39637
  timestamp: 1733188758212
- conda: https://conda.anaconda.org/conda-forge/noarch/tzdata-2025a-h78e105d_0.conda
  sha256: c4b1ae8a2931fe9b274c44af29c5475a85b37693999f8c792dad0f8c6734b1de
  md5: dbcace4706afdfb7eb891f7b37d07c04
  license: LicenseRef-Public-Domain
  size: 122921
  timestamp: 1737119101255
- conda: https://conda.anaconda.org/conda-forge/noarch/userpath-1.9.2-pyhd8ed1ab_0.conda
  sha256: 26e53b42f7fa1127e6115a35b91c20e15f75984648b88f115136f27715d4a440
  md5: 946e3571aaa55e0870fec0dea13de3bf
  depends:
  - click
  - python >=3.9
  license: MIT
  license_family: MIT
  size: 14292
  timestamp: 1735925027874
- conda: https://conda.anaconda.org/conda-forge/linux-64/uv-0.6.5-h0f3a69f_0.conda
  sha256: 76ffb5b2d85cda2ff6f39de64908dc162a517d6bd6f806d10e8012a6b104d9c5
  md5: 72be36e1211dea6d236bd01b2aa033af
  depends:
  - __glibc >=2.17,<3.0.a0
  - libgcc >=13
  - libstdcxx >=13
  constrains:
  - __glibc >=2.17
  license: Apache-2.0 OR MIT
  size: 11538023
  timestamp: 1741309146319
- conda: https://conda.anaconda.org/conda-forge/noarch/virtualenv-20.29.3-pyhd8ed1ab_0.conda
  sha256: f7b2cd8ee05769e57dab1f2e2206360cb03d15d4290ddb30442711700c430ba6
  md5: 87a2061465e55be9a997dd8cf8b5a578
  depends:
  - distlib >=0.3.7,<1
  - filelock >=3.12.2,<4
  - platformdirs >=3.9.1,<5
  - python >=3.9
  license: MIT
  license_family: MIT
  size: 3520880
  timestamp: 1741337922189
- conda: https://conda.anaconda.org/conda-forge/noarch/zipp-3.21.0-pyhd8ed1ab_1.conda
  sha256: 567c04f124525c97a096b65769834b7acb047db24b15a56888a322bf3966c3e1
  md5: 0c3cc595284c5e8f0f9900a9b228a332
  depends:
  - python >=3.9
  license: MIT
  license_family: MIT
  size: 21809
  timestamp: 1732827613585
- conda: https://conda.anaconda.org/conda-forge/linux-64/zlib-1.3.1-hb9d3cd8_2.conda
  sha256: 5d7c0e5f0005f74112a34a7425179f4eb6e73c92f5d109e6af4ddeca407c92ab
  md5: c9f075ab2f33b3bbee9e62d4ad0a6cd8
  depends:
  - __glibc >=2.17,<3.0.a0
  - libgcc >=13
  - libzlib 1.3.1 hb9d3cd8_2
  license: Zlib
  license_family: Other
  size: 92286
  timestamp: 1727963153079
- conda: https://conda.anaconda.org/conda-forge/linux-64/zstandard-0.23.0-py313h80202fe_1.conda
  sha256: ea82f2b8964150a3aa7373b4697e48e64f2200fe68ae554ee85c641c692d1c97
  md5: c178558ff516cd507763ffee230c20b2
  depends:
  - __glibc >=2.17,<3.0.a0
  - cffi >=1.11
  - libgcc >=13
  - python >=3.13.0rc1,<3.14.0a0
  - python_abi 3.13.* *_cp313
  - zstd >=1.5.6,<1.5.7.0a0
  - zstd >=1.5.6,<1.6.0a0
  license: BSD-3-Clause
  license_family: BSD
  size: 424424
  timestamp: 1725305749031
- conda: https://conda.anaconda.org/conda-forge/linux-64/zstd-1.5.6-ha6fb4c9_0.conda
  sha256: c558b9cc01d9c1444031bd1ce4b9cff86f9085765f17627a6cd85fc623c8a02b
  md5: 4d056880988120e29d75bfff282e0f45
  depends:
  - libgcc-ng >=12
  - libstdcxx-ng >=12
  - libzlib >=1.2.13,<2.0.0a0
  license: BSD-3-Clause
  license_family: BSD
  size: 554846
  timestamp: 1714722996770
